// !$*UTF8*$!
{
	archiveVersion = 1;
	classes = {
	};
	objectVersion = 46;
	objects = {

/* Begin PBXFileReference section */
		2D5AB0D01E9481CB00A49C91 /* BPlusSelection.cc */ = {isa = PBXFileReference; fileEncoding = 4; lastKnownFileType = sourcecode.cpp.cpp; path = BPlusSelection.cc; sourceTree = "<group>"; };
		C072835C1E918F490046D52F /* BPlusQUnit.cc */ = {isa = PBXFileReference; fileEncoding = 4; lastKnownFileType = sourcecode.cpp.cpp; path = BPlusQUnit.cc; sourceTree = "<group>"; };
		C072835F1E918F490046D52F /* CheckLRU.h */ = {isa = PBXFileReference; fileEncoding = 4; lastKnownFileType = sourcecode.c.h; path = CheckLRU.h; sourceTree = "<group>"; };
		C07283601E918F490046D52F /* MyDB_BufferManager.h */ = {isa = PBXFileReference; fileEncoding = 4; lastKnownFileType = sourcecode.c.h; path = MyDB_BufferManager.h; sourceTree = "<group>"; };
		C07283611E918F490046D52F /* MyDB_Page.h */ = {isa = PBXFileReference; fileEncoding = 4; lastKnownFileType = sourcecode.c.h; path = MyDB_Page.h; sourceTree = "<group>"; };
		C07283621E918F490046D52F /* MyDB_PageHandle.h */ = {isa = PBXFileReference; fileEncoding = 4; lastKnownFileType = sourcecode.c.h; path = MyDB_PageHandle.h; sourceTree = "<group>"; };
		C07283631E918F490046D52F /* PageCompare.h */ = {isa = PBXFileReference; fileEncoding = 4; lastKnownFileType = sourcecode.c.h; path = PageCompare.h; sourceTree = "<group>"; };
		C07283641E918F490046D52F /* TableCompare.h */ = {isa = PBXFileReference; fileEncoding = 4; lastKnownFileType = sourcecode.c.h; path = TableCompare.h; sourceTree = "<group>"; };
		C07283661E918F490046D52F /* MyDB_BufferManager.cc */ = {isa = PBXFileReference; fileEncoding = 4; lastKnownFileType = sourcecode.cpp.cpp; path = MyDB_BufferManager.cc; sourceTree = "<group>"; };
		C07283671E918F490046D52F /* MyDB_Page.cc */ = {isa = PBXFileReference; fileEncoding = 4; lastKnownFileType = sourcecode.cpp.cpp; path = MyDB_Page.cc; sourceTree = "<group>"; };
		C072836A1E918F490046D52F /* BufferQUnit.cc */ = {isa = PBXFileReference; fileEncoding = 4; lastKnownFileType = sourcecode.cpp.cpp; path = BufferQUnit.cc; sourceTree = "<group>"; };
		C072836D1E918F490046D52F /* MyDB_AttType.h */ = {isa = PBXFileReference; fileEncoding = 4; lastKnownFileType = sourcecode.c.h; path = MyDB_AttType.h; sourceTree = "<group>"; };
		C072836E1E918F490046D52F /* MyDB_Catalog.h */ = {isa = PBXFileReference; fileEncoding = 4; lastKnownFileType = sourcecode.c.h; path = MyDB_Catalog.h; sourceTree = "<group>"; };
		C072836F1E918F490046D52F /* MyDB_PageType.h */ = {isa = PBXFileReference; fileEncoding = 4; lastKnownFileType = sourcecode.c.h; path = MyDB_PageType.h; sourceTree = "<group>"; };
		C07283701E918F490046D52F /* MyDB_Schema.h */ = {isa = PBXFileReference; fileEncoding = 4; lastKnownFileType = sourcecode.c.h; path = MyDB_Schema.h; sourceTree = "<group>"; };
		C07283711E918F490046D52F /* MyDB_Table.h */ = {isa = PBXFileReference; fileEncoding = 4; lastKnownFileType = sourcecode.c.h; path = MyDB_Table.h; sourceTree = "<group>"; };
		C07283731E918F490046D52F /* MyDB_Catalog.cc */ = {isa = PBXFileReference; fileEncoding = 4; lastKnownFileType = sourcecode.cpp.cpp; path = MyDB_Catalog.cc; sourceTree = "<group>"; };
		C07283741E918F490046D52F /* MyDB_Schema.cc */ = {isa = PBXFileReference; fileEncoding = 4; lastKnownFileType = sourcecode.cpp.cpp; path = MyDB_Schema.cc; sourceTree = "<group>"; };
		C07283751E918F490046D52F /* MyDB_Table.cc */ = {isa = PBXFileReference; fileEncoding = 4; lastKnownFileType = sourcecode.cpp.cpp; path = MyDB_Table.cc; sourceTree = "<group>"; };
		C07283781E918F490046D52F /* IteratorComparator.h */ = {isa = PBXFileReference; fileEncoding = 4; lastKnownFileType = sourcecode.c.h; path = IteratorComparator.h; sourceTree = "<group>"; };
		C07283791E918F490046D52F /* MyDB_BPlusTreeReaderWriter.h */ = {isa = PBXFileReference; fileEncoding = 4; lastKnownFileType = sourcecode.c.h; path = MyDB_BPlusTreeReaderWriter.h; sourceTree = "<group>"; };
		C072837A1E918F490046D52F /* MyDB_PageListIteratorAlt.h */ = {isa = PBXFileReference; fileEncoding = 4; lastKnownFileType = sourcecode.c.h; path = MyDB_PageListIteratorAlt.h; sourceTree = "<group>"; };
		C072837B1E918F490046D52F /* MyDB_PageListIteratorSelfSortingAlt.h */ = {isa = PBXFileReference; fileEncoding = 4; lastKnownFileType = sourcecode.c.h; path = MyDB_PageListIteratorSelfSortingAlt.h; sourceTree = "<group>"; };
		C072837C1E918F490046D52F /* MyDB_PageReaderWriter.h */ = {isa = PBXFileReference; fileEncoding = 4; lastKnownFileType = sourcecode.c.h; path = MyDB_PageReaderWriter.h; sourceTree = "<group>"; };
		C072837D1E918F490046D52F /* MyDB_PageRecIterator.h */ = {isa = PBXFileReference; fileEncoding = 4; lastKnownFileType = sourcecode.c.h; path = MyDB_PageRecIterator.h; sourceTree = "<group>"; };
		C072837E1E918F490046D52F /* MyDB_PageRecIteratorAlt.h */ = {isa = PBXFileReference; fileEncoding = 4; lastKnownFileType = sourcecode.c.h; path = MyDB_PageRecIteratorAlt.h; sourceTree = "<group>"; };
		C072837F1E918F490046D52F /* MyDB_RecordIterator.h */ = {isa = PBXFileReference; fileEncoding = 4; lastKnownFileType = sourcecode.c.h; path = MyDB_RecordIterator.h; sourceTree = "<group>"; };
		C07283801E918F490046D52F /* MyDB_RecordIteratorAlt.h */ = {isa = PBXFileReference; fileEncoding = 4; lastKnownFileType = sourcecode.c.h; path = MyDB_RecordIteratorAlt.h; sourceTree = "<group>"; };
		C07283811E918F490046D52F /* MyDB_TableReaderWriter.h */ = {isa = PBXFileReference; fileEncoding = 4; lastKnownFileType = sourcecode.c.h; path = MyDB_TableReaderWriter.h; sourceTree = "<group>"; };
		C07283821E918F490046D52F /* MyDB_TableRecIterator.h */ = {isa = PBXFileReference; fileEncoding = 4; lastKnownFileType = sourcecode.c.h; path = MyDB_TableRecIterator.h; sourceTree = "<group>"; };
		C07283831E918F490046D52F /* MyDB_TableRecIteratorAlt.h */ = {isa = PBXFileReference; fileEncoding = 4; lastKnownFileType = sourcecode.c.h; path = MyDB_TableRecIteratorAlt.h; sourceTree = "<group>"; };
		C07283841E918F490046D52F /* RecordComparator.h */ = {isa = PBXFileReference; fileEncoding = 4; lastKnownFileType = sourcecode.c.h; path = RecordComparator.h; sourceTree = "<group>"; };
		C07283851E918F490046D52F /* Sorting.h */ = {isa = PBXFileReference; fileEncoding = 4; lastKnownFileType = sourcecode.c.h; path = Sorting.h; sourceTree = "<group>"; };
		C07283871E918F490046D52F /* MyDB_BPlusTreeReaderWriter.cc */ = {isa = PBXFileReference; fileEncoding = 4; lastKnownFileType = sourcecode.cpp.cpp; path = MyDB_BPlusTreeReaderWriter.cc; sourceTree = "<group>"; };
		C07283881E918F490046D52F /* MyDB_PageListIteratorAlt.cc */ = {isa = PBXFileReference; fileEncoding = 4; lastKnownFileType = sourcecode.cpp.cpp; path = MyDB_PageListIteratorAlt.cc; sourceTree = "<group>"; };
		C07283891E918F490046D52F /* MyDB_PageReaderWriter.cc */ = {isa = PBXFileReference; fileEncoding = 4; lastKnownFileType = sourcecode.cpp.cpp; path = MyDB_PageReaderWriter.cc; sourceTree = "<group>"; };
		C072838A1E918F490046D52F /* MyDB_PageRecIterator.cc */ = {isa = PBXFileReference; fileEncoding = 4; lastKnownFileType = sourcecode.cpp.cpp; path = MyDB_PageRecIterator.cc; sourceTree = "<group>"; };
		C072838B1E918F490046D52F /* MyDB_PageRecIteratorAlt.cc */ = {isa = PBXFileReference; fileEncoding = 4; lastKnownFileType = sourcecode.cpp.cpp; path = MyDB_PageRecIteratorAlt.cc; sourceTree = "<group>"; };
		C072838C1E918F490046D52F /* MyDB_TableReaderWriter.cc */ = {isa = PBXFileReference; fileEncoding = 4; lastKnownFileType = sourcecode.cpp.cpp; path = MyDB_TableReaderWriter.cc; sourceTree = "<group>"; };
		C072838D1E918F490046D52F /* MyDB_TableRecIterator.cc */ = {isa = PBXFileReference; fileEncoding = 4; lastKnownFileType = sourcecode.cpp.cpp; path = MyDB_TableRecIterator.cc; sourceTree = "<group>"; };
		C072838E1E918F490046D52F /* MyDB_TableRecIteratorAlt.cc */ = {isa = PBXFileReference; fileEncoding = 4; lastKnownFileType = sourcecode.cpp.cpp; path = MyDB_TableRecIteratorAlt.cc; sourceTree = "<group>"; };
		C072838F1E918F490046D52F /* Sorting.cc */ = {isa = PBXFileReference; fileEncoding = 4; lastKnownFileType = sourcecode.cpp.cpp; path = Sorting.cc; sourceTree = "<group>"; };
		C07283921E918F490046D52F /* QUnit.h */ = {isa = PBXFileReference; fileEncoding = 4; lastKnownFileType = sourcecode.c.h; path = QUnit.h; sourceTree = "<group>"; };
		C07283951E918F490046D52F /* MyDB_AttVal.h */ = {isa = PBXFileReference; fileEncoding = 4; lastKnownFileType = sourcecode.c.h; path = MyDB_AttVal.h; sourceTree = "<group>"; };
		C07283961E918F490046D52F /* MyDB_INRecord.h */ = {isa = PBXFileReference; fileEncoding = 4; lastKnownFileType = sourcecode.c.h; path = MyDB_INRecord.h; sourceTree = "<group>"; };
		C07283971E918F490046D52F /* MyDB_Record.h */ = {isa = PBXFileReference; fileEncoding = 4; lastKnownFileType = sourcecode.c.h; path = MyDB_Record.h; sourceTree = "<group>"; };
		C07283991E918F490046D52F /* MyDB_AttVal.cc */ = {isa = PBXFileReference; fileEncoding = 4; lastKnownFileType = sourcecode.cpp.cpp; path = MyDB_AttVal.cc; sourceTree = "<group>"; };
		C072839A1E918F490046D52F /* MyDB_Record.cc */ = {isa = PBXFileReference; fileEncoding = 4; lastKnownFileType = sourcecode.cpp.cpp; path = MyDB_Record.cc; sourceTree = "<group>"; };
		C072839D1E918F490046D52F /* RecordQUnit.cc */ = {isa = PBXFileReference; fileEncoding = 4; lastKnownFileType = sourcecode.cpp.cpp; path = RecordQUnit.cc; sourceTree = "<group>"; };
		C07283A01E918F490046D52F /* Aggregate.h */ = {isa = PBXFileReference; fileEncoding = 4; lastKnownFileType = sourcecode.c.h; path = Aggregate.h; sourceTree = "<group>"; };
		C07283A11E918F490046D52F /* BPlusSelection.h */ = {isa = PBXFileReference; fileEncoding = 4; lastKnownFileType = sourcecode.c.h; path = BPlusSelection.h; sourceTree = "<group>"; };
		C07283A21E918F490046D52F /* RegularSelection.h */ = {isa = PBXFileReference; fileEncoding = 4; lastKnownFileType = sourcecode.c.h; path = RegularSelection.h; sourceTree = "<group>"; };
		C07283A31E918F490046D52F /* ScanJoin.h */ = {isa = PBXFileReference; fileEncoding = 4; lastKnownFileType = sourcecode.c.h; path = ScanJoin.h; sourceTree = "<group>"; };
		C07283A41E918F490046D52F /* SortMergeJoin.h */ = {isa = PBXFileReference; fileEncoding = 4; lastKnownFileType = sourcecode.c.h; path = SortMergeJoin.h; sourceTree = "<group>"; };
		C07283A61E918F490046D52F /* ScanJoin.cc */ = {isa = PBXFileReference; fileEncoding = 4; lastKnownFileType = sourcecode.cpp.cpp; path = ScanJoin.cc; sourceTree = "<group>"; };
		C07283A91E918F490046D52F /* RelOpQUnit.cc */ = {isa = PBXFileReference; fileEncoding = 4; lastKnownFileType = sourcecode.cpp.cpp; path = RelOpQUnit.cc; sourceTree = "<group>"; };
		C07283AC1E918F490046D52F /* SortQUnit.cc */ = {isa = PBXFileReference; fileEncoding = 4; lastKnownFileType = sourcecode.cpp.cpp; path = SortQUnit.cc; sourceTree = "<group>"; };
		C07283AF1E918F490046D52F /* ExprTree.h */ = {isa = PBXFileReference; fileEncoding = 4; lastKnownFileType = sourcecode.c.h; path = ExprTree.h; sourceTree = "<group>"; };
		C07283B01E918F490046D52F /* FriendDecls.h */ = {isa = PBXFileReference; fileEncoding = 4; lastKnownFileType = sourcecode.c.h; path = FriendDecls.h; sourceTree = "<group>"; };
		C07283B11E918F490046D52F /* Lexer.h */ = {isa = PBXFileReference; fileEncoding = 4; lastKnownFileType = sourcecode.c.h; path = Lexer.h; sourceTree = "<group>"; };
		C07283B21E918F490046D52F /* Parser.h */ = {isa = PBXFileReference; fileEncoding = 4; lastKnownFileType = sourcecode.c.h; path = Parser.h; sourceTree = "<group>"; };
		C07283B31E918F490046D52F /* ParserHelperFunctions.h */ = {isa = PBXFileReference; fileEncoding = 4; lastKnownFileType = sourcecode.c.h; path = ParserHelperFunctions.h; sourceTree = "<group>"; };
		C07283B41E918F490046D52F /* ParserTypes.h */ = {isa = PBXFileReference; fileEncoding = 4; lastKnownFileType = sourcecode.c.h; path = ParserTypes.h; sourceTree = "<group>"; };
		C07283B61E918F490046D52F /* Lexer.l */ = {isa = PBXFileReference; fileEncoding = 4; lastKnownFileType = sourcecode.lex; path = Lexer.l; sourceTree = "<group>"; };
		C07283B71E918F490046D52F /* Parser.y */ = {isa = PBXFileReference; fileEncoding = 4; lastKnownFileType = sourcecode.yacc; path = Parser.y; sourceTree = "<group>"; };
		C07283B81E918F490046D52F /* ParserHelperFunctions.cc */ = {isa = PBXFileReference; fileEncoding = 4; lastKnownFileType = sourcecode.cpp.cpp; path = ParserHelperFunctions.cc; sourceTree = "<group>"; };
		C07283BB1E918F490046D52F /* main.cc */ = {isa = PBXFileReference; fileEncoding = 4; lastKnownFileType = sourcecode.cpp.cpp; path = main.cc; sourceTree = "<group>"; };
		C07283BE1E918F550046D52F /* SConstruct */ = {isa = PBXFileReference; fileEncoding = 4; lastKnownFileType = text; path = SConstruct; sourceTree = "<group>"; };
		C07283BF1E918F550046D52F /* supplier.tbl */ = {isa = PBXFileReference; fileEncoding = 4; lastKnownFileType = text; path = supplier.tbl; sourceTree = "<group>"; };
		C07283C01E918F550046D52F /* supplierBig.tbl */ = {isa = PBXFileReference; fileEncoding = 4; lastKnownFileType = text; path = supplierBig.tbl; sourceTree = "<group>"; };
		C07283C11E918F550046D52F /* supplierBigSorted.tbl */ = {isa = PBXFileReference; fileEncoding = 4; lastKnownFileType = text; path = supplierBigSorted.tbl; sourceTree = "<group>"; };
		C07283C21E918F550046D52F /* supplierSmall.tbl */ = {isa = PBXFileReference; fileEncoding = 4; lastKnownFileType = text; path = supplierSmall.tbl; sourceTree = "<group>"; };
		C07283C31E9191120046D52F /* relOpUnitTest */ = {isa = PBXFileReference; lastKnownFileType = "compiled.mach-o.executable"; path = relOpUnitTest; sourceTree = "<group>"; };
		C07283C41E91A18F0046D52F /* RegularSelection.cc */ = {isa = PBXFileReference; fileEncoding = 4; lastKnownFileType = sourcecode.cpp.cpp; path = RegularSelection.cc; sourceTree = "<group>"; };
		C07283C51E91BCA40046D52F /* Aggregate.cc */ = {isa = PBXFileReference; fileEncoding = 4; lastKnownFileType = sourcecode.cpp.cpp; path = Aggregate.cc; sourceTree = "<group>"; };
/* End PBXFileReference section */

/* Begin PBXGroup section */
		C072834E1E918E710046D52F = {
			isa = PBXGroup;
			children = (
				C07283BC1E918F550046D52F /* Build */,
				C07283591E918F490046D52F /* Main */,
			);
			sourceTree = "<group>";
		};
		C07283591E918F490046D52F /* Main */ = {
			isa = PBXGroup;
			children = (
				C072835A1E918F490046D52F /* BPlusTest */,
				C072835D1E918F490046D52F /* BufferMgr */,
				C07283681E918F490046D52F /* BufferTest */,
				C072836B1E918F490046D52F /* Catalog */,
				C07283761E918F490046D52F /* DatabaseTable */,
				C07283901E918F490046D52F /* Qunit */,
				C07283931E918F490046D52F /* Record */,
				C072839B1E918F490046D52F /* RecordTest */,
				C072839E1E918F490046D52F /* RelOps */,
				C07283A71E918F490046D52F /* RelOpTest */,
				C07283AA1E918F490046D52F /* SortTest */,
				C07283AD1E918F490046D52F /* SQL */,
				C07283B91E918F490046D52F /* SQLTest */,
			);
			path = Main;
			sourceTree = "<group>";
		};
		C072835A1E918F490046D52F /* BPlusTest */ = {
			isa = PBXGroup;
			children = (
				C072835B1E918F490046D52F /* source */,
			);
			path = BPlusTest;
			sourceTree = "<group>";
		};
		C072835B1E918F490046D52F /* source */ = {
			isa = PBXGroup;
			children = (
				C072835C1E918F490046D52F /* BPlusQUnit.cc */,
			);
			path = source;
			sourceTree = "<group>";
		};
		C072835D1E918F490046D52F /* BufferMgr */ = {
			isa = PBXGroup;
			children = (
				C072835E1E918F490046D52F /* headers */,
				C07283651E918F490046D52F /* source */,
			);
			path = BufferMgr;
			sourceTree = "<group>";
		};
		C072835E1E918F490046D52F /* headers */ = {
			isa = PBXGroup;
			children = (
				C072835F1E918F490046D52F /* CheckLRU.h */,
				C07283601E918F490046D52F /* MyDB_BufferManager.h */,
				C07283611E918F490046D52F /* MyDB_Page.h */,
				C07283621E918F490046D52F /* MyDB_PageHandle.h */,
				C07283631E918F490046D52F /* PageCompare.h */,
				C07283641E918F490046D52F /* TableCompare.h */,
			);
			path = headers;
			sourceTree = "<group>";
		};
		C07283651E918F490046D52F /* source */ = {
			isa = PBXGroup;
			children = (
				C07283661E918F490046D52F /* MyDB_BufferManager.cc */,
				C07283671E918F490046D52F /* MyDB_Page.cc */,
			);
			path = source;
			sourceTree = "<group>";
		};
		C07283681E918F490046D52F /* BufferTest */ = {
			isa = PBXGroup;
			children = (
				C07283691E918F490046D52F /* source */,
			);
			path = BufferTest;
			sourceTree = "<group>";
		};
		C07283691E918F490046D52F /* source */ = {
			isa = PBXGroup;
			children = (
				C072836A1E918F490046D52F /* BufferQUnit.cc */,
			);
			path = source;
			sourceTree = "<group>";
		};
		C072836B1E918F490046D52F /* Catalog */ = {
			isa = PBXGroup;
			children = (
				C072836C1E918F490046D52F /* headers */,
				C07283721E918F490046D52F /* source */,
			);
			path = Catalog;
			sourceTree = "<group>";
		};
		C072836C1E918F490046D52F /* headers */ = {
			isa = PBXGroup;
			children = (
				C072836D1E918F490046D52F /* MyDB_AttType.h */,
				C072836E1E918F490046D52F /* MyDB_Catalog.h */,
				C072836F1E918F490046D52F /* MyDB_PageType.h */,
				C07283701E918F490046D52F /* MyDB_Schema.h */,
				C07283711E918F490046D52F /* MyDB_Table.h */,
			);
			path = headers;
			sourceTree = "<group>";
		};
		C07283721E918F490046D52F /* source */ = {
			isa = PBXGroup;
			children = (
				C07283731E918F490046D52F /* MyDB_Catalog.cc */,
				C07283741E918F490046D52F /* MyDB_Schema.cc */,
				C07283751E918F490046D52F /* MyDB_Table.cc */,
			);
			path = source;
			sourceTree = "<group>";
		};
		C07283761E918F490046D52F /* DatabaseTable */ = {
			isa = PBXGroup;
			children = (
				C07283771E918F490046D52F /* headers */,
				C07283861E918F490046D52F /* source */,
			);
			path = DatabaseTable;
			sourceTree = "<group>";
		};
		C07283771E918F490046D52F /* headers */ = {
			isa = PBXGroup;
			children = (
				C07283781E918F490046D52F /* IteratorComparator.h */,
				C07283791E918F490046D52F /* MyDB_BPlusTreeReaderWriter.h */,
				C072837A1E918F490046D52F /* MyDB_PageListIteratorAlt.h */,
				C072837B1E918F490046D52F /* MyDB_PageListIteratorSelfSortingAlt.h */,
				C072837C1E918F490046D52F /* MyDB_PageReaderWriter.h */,
				C072837D1E918F490046D52F /* MyDB_PageRecIterator.h */,
				C072837E1E918F490046D52F /* MyDB_PageRecIteratorAlt.h */,
				C072837F1E918F490046D52F /* MyDB_RecordIterator.h */,
				C07283801E918F490046D52F /* MyDB_RecordIteratorAlt.h */,
				C07283811E918F490046D52F /* MyDB_TableReaderWriter.h */,
				C07283821E918F490046D52F /* MyDB_TableRecIterator.h */,
				C07283831E918F490046D52F /* MyDB_TableRecIteratorAlt.h */,
				C07283841E918F490046D52F /* RecordComparator.h */,
				C07283851E918F490046D52F /* Sorting.h */,
			);
			path = headers;
			sourceTree = "<group>";
		};
		C07283861E918F490046D52F /* source */ = {
			isa = PBXGroup;
			children = (
				C07283871E918F490046D52F /* MyDB_BPlusTreeReaderWriter.cc */,
				C07283881E918F490046D52F /* MyDB_PageListIteratorAlt.cc */,
				C07283891E918F490046D52F /* MyDB_PageReaderWriter.cc */,
				C072838A1E918F490046D52F /* MyDB_PageRecIterator.cc */,
				C072838B1E918F490046D52F /* MyDB_PageRecIteratorAlt.cc */,
				C072838C1E918F490046D52F /* MyDB_TableReaderWriter.cc */,
				C072838D1E918F490046D52F /* MyDB_TableRecIterator.cc */,
				C072838E1E918F490046D52F /* MyDB_TableRecIteratorAlt.cc */,
				C072838F1E918F490046D52F /* Sorting.cc */,
			);
			path = source;
			sourceTree = "<group>";
		};
		C07283901E918F490046D52F /* Qunit */ = {
			isa = PBXGroup;
			children = (
				C07283911E918F490046D52F /* headers */,
			);
			path = Qunit;
			sourceTree = "<group>";
		};
		C07283911E918F490046D52F /* headers */ = {
			isa = PBXGroup;
			children = (
				C07283921E918F490046D52F /* QUnit.h */,
			);
			path = headers;
			sourceTree = "<group>";
		};
		C07283931E918F490046D52F /* Record */ = {
			isa = PBXGroup;
			children = (
				C07283941E918F490046D52F /* headers */,
				C07283981E918F490046D52F /* source */,
			);
			path = Record;
			sourceTree = "<group>";
		};
		C07283941E918F490046D52F /* headers */ = {
			isa = PBXGroup;
			children = (
				C07283951E918F490046D52F /* MyDB_AttVal.h */,
				C07283961E918F490046D52F /* MyDB_INRecord.h */,
				C07283971E918F490046D52F /* MyDB_Record.h */,
			);
			path = headers;
			sourceTree = "<group>";
		};
		C07283981E918F490046D52F /* source */ = {
			isa = PBXGroup;
			children = (
				C07283991E918F490046D52F /* MyDB_AttVal.cc */,
				C072839A1E918F490046D52F /* MyDB_Record.cc */,
			);
			path = source;
			sourceTree = "<group>";
		};
		C072839B1E918F490046D52F /* RecordTest */ = {
			isa = PBXGroup;
			children = (
				C072839C1E918F490046D52F /* source */,
			);
			path = RecordTest;
			sourceTree = "<group>";
		};
		C072839C1E918F490046D52F /* source */ = {
			isa = PBXGroup;
			children = (
				C072839D1E918F490046D52F /* RecordQUnit.cc */,
			);
			path = source;
			sourceTree = "<group>";
		};
		C072839E1E918F490046D52F /* RelOps */ = {
			isa = PBXGroup;
			children = (
				C072839F1E918F490046D52F /* headers */,
				C07283A51E918F490046D52F /* source */,
			);
			path = RelOps;
			sourceTree = "<group>";
		};
		C072839F1E918F490046D52F /* headers */ = {
			isa = PBXGroup;
			children = (
				C07283A01E918F490046D52F /* Aggregate.h */,
				C07283A11E918F490046D52F /* BPlusSelection.h */,
				C07283A21E918F490046D52F /* RegularSelection.h */,
				C07283A31E918F490046D52F /* ScanJoin.h */,
				C07283A41E918F490046D52F /* SortMergeJoin.h */,
			);
			path = headers;
			sourceTree = "<group>";
		};
		C07283A51E918F490046D52F /* source */ = {
			isa = PBXGroup;
			children = (
				C07283C51E91BCA40046D52F /* Aggregate.cc */,
				2D5AB0D01E9481CB00A49C91 /* BPlusSelection.cc */,
				C07283C41E91A18F0046D52F /* RegularSelection.cc */,
				C07283A61E918F490046D52F /* ScanJoin.cc */,
			);
			path = source;
			sourceTree = "<group>";
		};
		C07283A71E918F490046D52F /* RelOpTest */ = {
			isa = PBXGroup;
			children = (
				C07283A81E918F490046D52F /* source */,
			);
			path = RelOpTest;
			sourceTree = "<group>";
		};
		C07283A81E918F490046D52F /* source */ = {
			isa = PBXGroup;
			children = (
				C07283A91E918F490046D52F /* RelOpQUnit.cc */,
			);
			path = source;
			sourceTree = "<group>";
		};
		C07283AA1E918F490046D52F /* SortTest */ = {
			isa = PBXGroup;
			children = (
				C07283AB1E918F490046D52F /* source */,
			);
			path = SortTest;
			sourceTree = "<group>";
		};
		C07283AB1E918F490046D52F /* source */ = {
			isa = PBXGroup;
			children = (
				C07283AC1E918F490046D52F /* SortQUnit.cc */,
			);
			path = source;
			sourceTree = "<group>";
		};
		C07283AD1E918F490046D52F /* SQL */ = {
			isa = PBXGroup;
			children = (
				C07283AE1E918F490046D52F /* headers */,
				C07283B51E918F490046D52F /* source */,
			);
			path = SQL;
			sourceTree = "<group>";
		};
		C07283AE1E918F490046D52F /* headers */ = {
			isa = PBXGroup;
			children = (
				C07283AF1E918F490046D52F /* ExprTree.h */,
				C07283B01E918F490046D52F /* FriendDecls.h */,
				C07283B11E918F490046D52F /* Lexer.h */,
				C07283B21E918F490046D52F /* Parser.h */,
				C07283B31E918F490046D52F /* ParserHelperFunctions.h */,
				C07283B41E918F490046D52F /* ParserTypes.h */,
			);
			path = headers;
			sourceTree = "<group>";
		};
		C07283B51E918F490046D52F /* source */ = {
			isa = PBXGroup;
			children = (
				C07283B61E918F490046D52F /* Lexer.l */,
				C07283B71E918F490046D52F /* Parser.y */,
				C07283B81E918F490046D52F /* ParserHelperFunctions.cc */,
			);
			path = source;
			sourceTree = "<group>";
		};
		C07283B91E918F490046D52F /* SQLTest */ = {
			isa = PBXGroup;
			children = (
				C07283BA1E918F490046D52F /* source */,
			);
			path = SQLTest;
			sourceTree = "<group>";
		};
		C07283BA1E918F490046D52F /* source */ = {
			isa = PBXGroup;
			children = (
				C07283BB1E918F490046D52F /* main.cc */,
			);
			path = source;
			sourceTree = "<group>";
		};
		C07283BC1E918F550046D52F /* Build */ = {
			isa = PBXGroup;
			children = (
				C07283BD1E918F550046D52F /* bin */,
				C07283BE1E918F550046D52F /* SConstruct */,
				C07283BF1E918F550046D52F /* supplier.tbl */,
				C07283C01E918F550046D52F /* supplierBig.tbl */,
				C07283C11E918F550046D52F /* supplierBigSorted.tbl */,
				C07283C21E918F550046D52F /* supplierSmall.tbl */,
			);
			path = Build;
			sourceTree = "<group>";
		};
		C07283BD1E918F550046D52F /* bin */ = {
			isa = PBXGroup;
			children = (
				C07283C31E9191120046D52F /* relOpUnitTest */,
			);
			path = bin;
			sourceTree = "<group>";
		};
/* End PBXGroup section */

/* Begin PBXLegacyTarget section */
		C07283531E918E710046D52F /* A6_2 */ = {
			isa = PBXLegacyTarget;
			buildArgumentsString = "$(ACTION)";
			buildConfigurationList = C07283561E918E710046D52F /* Build configuration list for PBXLegacyTarget "A6_2" */;
			buildPhases = (
			);
			buildToolPath = /Users/kejunliu/.pyenv/versions/2.7/bin/scons;
			buildWorkingDirectory = "/Users/kejunliu/Documents/DataBase-530-2/A6_2/Build";
			dependencies = (
			);
			name = A6_2;
			passBuildSettingsInEnvironment = 1;
			productName = A6_2;
		};
/* End PBXLegacyTarget section */

/* Begin PBXProject section */
		C072834F1E918E710046D52F /* Project object */ = {
			isa = PBXProject;
			attributes = {
				LastUpgradeCheck = 0820;
				ORGANIZATIONNAME = KejunLiu;
				TargetAttributes = {
					C07283531E918E710046D52F = {
						CreatedOnToolsVersion = 8.2.1;
						ProvisioningStyle = Automatic;
					};
				};
			};
			buildConfigurationList = C07283521E918E710046D52F /* Build configuration list for PBXProject "A6_2" */;
			compatibilityVersion = "Xcode 3.2";
			developmentRegion = English;
			hasScannedForEncodings = 0;
			knownRegions = (
				en,
			);
			mainGroup = C072834E1E918E710046D52F;
			projectDirPath = "";
			projectRoot = "";
			targets = (
				C07283531E918E710046D52F /* A6_2 */,
			);
		};
/* End PBXProject section */

/* Begin XCBuildConfiguration section */
		C07283541E918E710046D52F /* Debug */ = {
			isa = XCBuildConfiguration;
			buildSettings = {
				ALWAYS_SEARCH_USER_PATHS = NO;
				CLANG_ANALYZER_NONNULL = YES;
				CLANG_CXX_LANGUAGE_STANDARD = "gnu++0x";
				CLANG_CXX_LIBRARY = "libc++";
				CLANG_ENABLE_MODULES = YES;
				CLANG_ENABLE_OBJC_ARC = YES;
				CLANG_WARN_BOOL_CONVERSION = YES;
				CLANG_WARN_CONSTANT_CONVERSION = YES;
				CLANG_WARN_DIRECT_OBJC_ISA_USAGE = YES_ERROR;
				CLANG_WARN_DOCUMENTATION_COMMENTS = YES;
				CLANG_WARN_EMPTY_BODY = YES;
				CLANG_WARN_ENUM_CONVERSION = YES;
				CLANG_WARN_INFINITE_RECURSION = YES;
				CLANG_WARN_INT_CONVERSION = YES;
				CLANG_WARN_OBJC_ROOT_CLASS = YES_ERROR;
				CLANG_WARN_SUSPICIOUS_MOVE = YES;
				CLANG_WARN_UNREACHABLE_CODE = YES;
				CLANG_WARN__DUPLICATE_METHOD_MATCH = YES;
				COPY_PHASE_STRIP = NO;
				DEBUG_INFORMATION_FORMAT = dwarf;
				ENABLE_STRICT_OBJC_MSGSEND = YES;
				ENABLE_TESTABILITY = YES;
				GCC_C_LANGUAGE_STANDARD = gnu99;
				GCC_DYNAMIC_NO_PIC = NO;
				GCC_NO_COMMON_BLOCKS = YES;
				GCC_OPTIMIZATION_LEVEL = 0;
				GCC_PREPROCESSOR_DEFINITIONS = (
					"DEBUG=1",
					"$(inherited)",
				);
				GCC_WARN_64_TO_32_BIT_CONVERSION = YES;
				GCC_WARN_ABOUT_RETURN_TYPE = YES_ERROR;
				GCC_WARN_UNDECLARED_SELECTOR = YES;
				GCC_WARN_UNINITIALIZED_AUTOS = YES_AGGRESSIVE;
				GCC_WARN_UNUSED_FUNCTION = YES;
				GCC_WARN_UNUSED_VARIABLE = YES;
				MTL_ENABLE_DEBUG_INFO = YES;
				ONLY_ACTIVE_ARCH = YES;
			};
			name = Debug;
		};
		C07283551E918E710046D52F /* Release */ = {
			isa = XCBuildConfiguration;
			buildSettings = {
				ALWAYS_SEARCH_USER_PATHS = NO;
				CLANG_ANALYZER_NONNULL = YES;
				CLANG_CXX_LANGUAGE_STANDARD = "gnu++0x";
				CLANG_CXX_LIBRARY = "libc++";
				CLANG_ENABLE_MODULES = YES;
				CLANG_ENABLE_OBJC_ARC = YES;
				CLANG_WARN_BOOL_CONVERSION = YES;
				CLANG_WARN_CONSTANT_CONVERSION = YES;
				CLANG_WARN_DIRECT_OBJC_ISA_USAGE = YES_ERROR;
				CLANG_WARN_DOCUMENTATION_COMMENTS = YES;
				CLANG_WARN_EMPTY_BODY = YES;
				CLANG_WARN_ENUM_CONVERSION = YES;
				CLANG_WARN_INFINITE_RECURSION = YES;
				CLANG_WARN_INT_CONVERSION = YES;
				CLANG_WARN_OBJC_ROOT_CLASS = YES_ERROR;
				CLANG_WARN_SUSPICIOUS_MOVE = YES;
				CLANG_WARN_UNREACHABLE_CODE = YES;
				CLANG_WARN__DUPLICATE_METHOD_MATCH = YES;
				COPY_PHASE_STRIP = NO;
				DEBUG_INFORMATION_FORMAT = "dwarf-with-dsym";
				ENABLE_NS_ASSERTIONS = NO;
				ENABLE_STRICT_OBJC_MSGSEND = YES;
				GCC_C_LANGUAGE_STANDARD = gnu99;
				GCC_NO_COMMON_BLOCKS = YES;
				GCC_WARN_64_TO_32_BIT_CONVERSION = YES;
				GCC_WARN_ABOUT_RETURN_TYPE = YES_ERROR;
				GCC_WARN_UNDECLARED_SELECTOR = YES;
				GCC_WARN_UNINITIALIZED_AUTOS = YES_AGGRESSIVE;
				GCC_WARN_UNUSED_FUNCTION = YES;
				GCC_WARN_UNUSED_VARIABLE = YES;
				MTL_ENABLE_DEBUG_INFO = NO;
			};
			name = Release;
		};
		C07283571E918E710046D52F /* Debug */ = {
			isa = XCBuildConfiguration;
			buildSettings = {
				DEBUGGING_SYMBOLS = YES;
				DEBUG_INFORMATION_FORMAT = dwarf;
				GCC_GENERATE_DEBUGGING_SYMBOLS = YES;
				GCC_OPTIMIZATION_LEVEL = 0;
				OTHER_CFLAGS = "";
				OTHER_LDFLAGS = "";
				PRODUCT_NAME = "$(TARGET_NAME)";
			};
			name = Debug;
		};
		C07283581E918E710046D52F /* Release */ = {
			isa = XCBuildConfiguration;
			buildSettings = {
				DEBUG_INFORMATION_FORMAT = "dwarf-with-dsym";
				OTHER_CFLAGS = "";
				OTHER_LDFLAGS = "";
				PRODUCT_NAME = "$(TARGET_NAME)";
			};
			name = Release;
		};
/* End XCBuildConfiguration section */

/* Begin XCConfigurationList section */
		C07283521E918E710046D52F /* Build configuration list for PBXProject "A6_2" */ = {
			isa = XCConfigurationList;
			buildConfigurations = (
				C07283541E918E710046D52F /* Debug */,
				C07283551E918E710046D52F /* Release */,
			);
			defaultConfigurationIsVisible = 0;
			defaultConfigurationName = Release;
		};
		C07283561E918E710046D52F /* Build configuration list for PBXLegacyTarget "A6_2" */ = {
			isa = XCConfigurationList;
			buildConfigurations = (
				C07283571E918E710046D52F /* Debug */,
				C07283581E918E710046D52F /* Release */,
			);
			defaultConfigurationIsVisible = 0;
			defaultConfigurationName = Release;
		};
/* End XCConfigurationList section */
	};
	rootObject = C072834F1E918E710046D52F /* Project object */;
}
