// !$*UTF8*$!
{
	archiveVersion = 1;
	classes = {
	};
	objectVersion = 46;
	objects = {

/* Begin PBXBuildFile section */
		2D44B7E81E690D0500465864 /* BPlusQUnit.cc in Sources */ = {isa = PBXBuildFile; fileRef = 2D44B7981E690D0500465864 /* BPlusQUnit.cc */; };
		2D44B7E91E690D0500465864 /* MyDB_BufferManager.cc in Sources */ = {isa = PBXBuildFile; fileRef = 2D44B7A21E690D0500465864 /* MyDB_BufferManager.cc */; };
		2D44B7EA1E690D0500465864 /* MyDB_Page.cc in Sources */ = {isa = PBXBuildFile; fileRef = 2D44B7A31E690D0500465864 /* MyDB_Page.cc */; };
		2D44B7EB1E690D0500465864 /* BufferQUnit.cc in Sources */ = {isa = PBXBuildFile; fileRef = 2D44B7A61E690D0500465864 /* BufferQUnit.cc */; };
		2D44B7EC1E690D0500465864 /* MyDB_Catalog.cc in Sources */ = {isa = PBXBuildFile; fileRef = 2D44B7AF1E690D0500465864 /* MyDB_Catalog.cc */; };
		2D44B7ED1E690D0500465864 /* MyDB_Schema.cc in Sources */ = {isa = PBXBuildFile; fileRef = 2D44B7B01E690D0500465864 /* MyDB_Schema.cc */; };
		2D44B7EE1E690D0500465864 /* MyDB_Table.cc in Sources */ = {isa = PBXBuildFile; fileRef = 2D44B7B11E690D0500465864 /* MyDB_Table.cc */; };
		2D44B7EF1E690D0500465864 /* MyDB_BPlusTreeReaderWriter.cc in Sources */ = {isa = PBXBuildFile; fileRef = 2D44B7C41E690D0500465864 /* MyDB_BPlusTreeReaderWriter.cc */; };
		2D44B7F01E690D0500465864 /* MyDB_PageListIteratorAlt.cc in Sources */ = {isa = PBXBuildFile; fileRef = 2D44B7C51E690D0500465864 /* MyDB_PageListIteratorAlt.cc */; };
		2D44B7F11E690D0500465864 /* MyDB_PageReaderWriter.cc in Sources */ = {isa = PBXBuildFile; fileRef = 2D44B7C61E690D0500465864 /* MyDB_PageReaderWriter.cc */; };
		2D44B7F21E690D0500465864 /* MyDB_PageRecIterator.cc in Sources */ = {isa = PBXBuildFile; fileRef = 2D44B7C71E690D0500465864 /* MyDB_PageRecIterator.cc */; };
		2D44B7F31E690D0500465864 /* MyDB_PageRecIteratorAlt.cc in Sources */ = {isa = PBXBuildFile; fileRef = 2D44B7C81E690D0500465864 /* MyDB_PageRecIteratorAlt.cc */; };
		2D44B7F41E690D0500465864 /* MyDB_RunQueueIteratorAlt.cc in Sources */ = {isa = PBXBuildFile; fileRef = 2D44B7C91E690D0500465864 /* MyDB_RunQueueIteratorAlt.cc */; };
		2D44B7F51E690D0500465864 /* MyDB_TableReaderWriter.cc in Sources */ = {isa = PBXBuildFile; fileRef = 2D44B7CA1E690D0500465864 /* MyDB_TableReaderWriter.cc */; };
		2D44B7F61E690D0500465864 /* MyDB_TableRecIterator.cc in Sources */ = {isa = PBXBuildFile; fileRef = 2D44B7CB1E690D0500465864 /* MyDB_TableRecIterator.cc */; };
		2D44B7F71E690D0500465864 /* MyDB_TableRecIteratorAlt.cc in Sources */ = {isa = PBXBuildFile; fileRef = 2D44B7CC1E690D0500465864 /* MyDB_TableRecIteratorAlt.cc */; };
		2D44B7F81E690D0500465864 /* Sorting.cc in Sources */ = {isa = PBXBuildFile; fileRef = 2D44B7CD1E690D0500465864 /* Sorting.cc */; };
		2D44B7F91E690D0500465864 /* MyDB_AttVal.cc in Sources */ = {isa = PBXBuildFile; fileRef = 2D44B7D71E690D0500465864 /* MyDB_AttVal.cc */; };
		2D44B7FA1E690D0500465864 /* MyDB_Record.cc in Sources */ = {isa = PBXBuildFile; fileRef = 2D44B7D81E690D0500465864 /* MyDB_Record.cc */; };
		2D44B7FB1E690D0500465864 /* RecordQUnit.cc in Sources */ = {isa = PBXBuildFile; fileRef = 2D44B7DB1E690D0500465864 /* RecordQUnit.cc */; };
		2D44B7FC1E690D0500465864 /* SortQUnit.cc in Sources */ = {isa = PBXBuildFile; fileRef = 2D44B7E21E690D0500465864 /* SortQUnit.cc */; };
/* End PBXBuildFile section */

/* Begin PBXCopyFilesBuildPhase section */
		2D44B7841E690CE600465864 /* CopyFiles */ = {
			isa = PBXCopyFilesBuildPhase;
			buildActionMask = 2147483647;
			dstPath = /usr/share/man/man1/;
			dstSubfolderSpec = 0;
			files = (
			);
			runOnlyForDeploymentPostprocessing = 1;
		};
/* End PBXCopyFilesBuildPhase section */

/* Begin PBXFileReference section */
		2D44B7861E690CE600465864 /* A4_1 */ = {isa = PBXFileReference; explicitFileType = "compiled.mach-o.executable"; includeInIndex = 0; path = A4_1; sourceTree = BUILT_PRODUCTS_DIR; };
		2D44B7981E690D0500465864 /* BPlusQUnit.cc */ = {isa = PBXFileReference; fileEncoding = 4; lastKnownFileType = sourcecode.cpp.cpp; path = BPlusQUnit.cc; sourceTree = "<group>"; };
		2D44B79B1E690D0500465864 /* CheckLRU.h */ = {isa = PBXFileReference; fileEncoding = 4; lastKnownFileType = sourcecode.c.h; path = CheckLRU.h; sourceTree = "<group>"; };
		2D44B79C1E690D0500465864 /* MyDB_BufferManager.h */ = {isa = PBXFileReference; fileEncoding = 4; lastKnownFileType = sourcecode.c.h; path = MyDB_BufferManager.h; sourceTree = "<group>"; };
		2D44B79D1E690D0500465864 /* MyDB_Page.h */ = {isa = PBXFileReference; fileEncoding = 4; lastKnownFileType = sourcecode.c.h; path = MyDB_Page.h; sourceTree = "<group>"; };
		2D44B79E1E690D0500465864 /* MyDB_PageHandle.h */ = {isa = PBXFileReference; fileEncoding = 4; lastKnownFileType = sourcecode.c.h; path = MyDB_PageHandle.h; sourceTree = "<group>"; };
		2D44B79F1E690D0500465864 /* PageCompare.h */ = {isa = PBXFileReference; fileEncoding = 4; lastKnownFileType = sourcecode.c.h; path = PageCompare.h; sourceTree = "<group>"; };
		2D44B7A01E690D0500465864 /* TableCompare.h */ = {isa = PBXFileReference; fileEncoding = 4; lastKnownFileType = sourcecode.c.h; path = TableCompare.h; sourceTree = "<group>"; };
		2D44B7A21E690D0500465864 /* MyDB_BufferManager.cc */ = {isa = PBXFileReference; fileEncoding = 4; lastKnownFileType = sourcecode.cpp.cpp; path = MyDB_BufferManager.cc; sourceTree = "<group>"; };
		2D44B7A31E690D0500465864 /* MyDB_Page.cc */ = {isa = PBXFileReference; fileEncoding = 4; lastKnownFileType = sourcecode.cpp.cpp; path = MyDB_Page.cc; sourceTree = "<group>"; };
		2D44B7A61E690D0500465864 /* BufferQUnit.cc */ = {isa = PBXFileReference; fileEncoding = 4; lastKnownFileType = sourcecode.cpp.cpp; path = BufferQUnit.cc; sourceTree = "<group>"; };
		2D44B7A91E690D0500465864 /* MyDB_AttType.h */ = {isa = PBXFileReference; fileEncoding = 4; lastKnownFileType = sourcecode.c.h; path = MyDB_AttType.h; sourceTree = "<group>"; };
		2D44B7AA1E690D0500465864 /* MyDB_Catalog.h */ = {isa = PBXFileReference; fileEncoding = 4; lastKnownFileType = sourcecode.c.h; path = MyDB_Catalog.h; sourceTree = "<group>"; };
		2D44B7AB1E690D0500465864 /* MyDB_PageType.h */ = {isa = PBXFileReference; fileEncoding = 4; lastKnownFileType = sourcecode.c.h; path = MyDB_PageType.h; sourceTree = "<group>"; };
		2D44B7AC1E690D0500465864 /* MyDB_Schema.h */ = {isa = PBXFileReference; fileEncoding = 4; lastKnownFileType = sourcecode.c.h; path = MyDB_Schema.h; sourceTree = "<group>"; };
		2D44B7AD1E690D0500465864 /* MyDB_Table.h */ = {isa = PBXFileReference; fileEncoding = 4; lastKnownFileType = sourcecode.c.h; path = MyDB_Table.h; sourceTree = "<group>"; };
		2D44B7AF1E690D0500465864 /* MyDB_Catalog.cc */ = {isa = PBXFileReference; fileEncoding = 4; lastKnownFileType = sourcecode.cpp.cpp; path = MyDB_Catalog.cc; sourceTree = "<group>"; };
		2D44B7B01E690D0500465864 /* MyDB_Schema.cc */ = {isa = PBXFileReference; fileEncoding = 4; lastKnownFileType = sourcecode.cpp.cpp; path = MyDB_Schema.cc; sourceTree = "<group>"; };
		2D44B7B11E690D0500465864 /* MyDB_Table.cc */ = {isa = PBXFileReference; fileEncoding = 4; lastKnownFileType = sourcecode.cpp.cpp; path = MyDB_Table.cc; sourceTree = "<group>"; };
		2D44B7B41E690D0500465864 /* IteratorComparator.h */ = {isa = PBXFileReference; fileEncoding = 4; lastKnownFileType = sourcecode.c.h; path = IteratorComparator.h; sourceTree = "<group>"; };
		2D44B7B51E690D0500465864 /* MyDB_BPlusTreeReaderWriter.h */ = {isa = PBXFileReference; fileEncoding = 4; lastKnownFileType = sourcecode.c.h; path = MyDB_BPlusTreeReaderWriter.h; sourceTree = "<group>"; };
		2D44B7B61E690D0500465864 /* MyDB_PageListIteratorAlt.h */ = {isa = PBXFileReference; fileEncoding = 4; lastKnownFileType = sourcecode.c.h; path = MyDB_PageListIteratorAlt.h; sourceTree = "<group>"; };
		2D44B7B71E690D0500465864 /* MyDB_PageListIteratorSelfSortingAlt.h */ = {isa = PBXFileReference; fileEncoding = 4; lastKnownFileType = sourcecode.c.h; path = MyDB_PageListIteratorSelfSortingAlt.h; sourceTree = "<group>"; };
		2D44B7B81E690D0500465864 /* MyDB_PageReaderWriter.h */ = {isa = PBXFileReference; fileEncoding = 4; lastKnownFileType = sourcecode.c.h; path = MyDB_PageReaderWriter.h; sourceTree = "<group>"; };
		2D44B7B91E690D0500465864 /* MyDB_PageRecIterator.h */ = {isa = PBXFileReference; fileEncoding = 4; lastKnownFileType = sourcecode.c.h; path = MyDB_PageRecIterator.h; sourceTree = "<group>"; };
		2D44B7BA1E690D0500465864 /* MyDB_PageRecIteratorAlt.h */ = {isa = PBXFileReference; fileEncoding = 4; lastKnownFileType = sourcecode.c.h; path = MyDB_PageRecIteratorAlt.h; sourceTree = "<group>"; };
		2D44B7BB1E690D0500465864 /* MyDB_RecordIterator.h */ = {isa = PBXFileReference; fileEncoding = 4; lastKnownFileType = sourcecode.c.h; path = MyDB_RecordIterator.h; sourceTree = "<group>"; };
		2D44B7BC1E690D0500465864 /* MyDB_RecordIteratorAlt.h */ = {isa = PBXFileReference; fileEncoding = 4; lastKnownFileType = sourcecode.c.h; path = MyDB_RecordIteratorAlt.h; sourceTree = "<group>"; };
		2D44B7BD1E690D0500465864 /* MyDB_RunQueueIteratorAlt.h */ = {isa = PBXFileReference; fileEncoding = 4; lastKnownFileType = sourcecode.c.h; path = MyDB_RunQueueIteratorAlt.h; sourceTree = "<group>"; };
		2D44B7BE1E690D0500465864 /* MyDB_TableReaderWriter.h */ = {isa = PBXFileReference; fileEncoding = 4; lastKnownFileType = sourcecode.c.h; path = MyDB_TableReaderWriter.h; sourceTree = "<group>"; };
		2D44B7BF1E690D0500465864 /* MyDB_TableRecIterator.h */ = {isa = PBXFileReference; fileEncoding = 4; lastKnownFileType = sourcecode.c.h; path = MyDB_TableRecIterator.h; sourceTree = "<group>"; };
		2D44B7C01E690D0500465864 /* MyDB_TableRecIteratorAlt.h */ = {isa = PBXFileReference; fileEncoding = 4; lastKnownFileType = sourcecode.c.h; path = MyDB_TableRecIteratorAlt.h; sourceTree = "<group>"; };
		2D44B7C11E690D0500465864 /* RecordComparator.h */ = {isa = PBXFileReference; fileEncoding = 4; lastKnownFileType = sourcecode.c.h; path = RecordComparator.h; sourceTree = "<group>"; };
		2D44B7C21E690D0500465864 /* Sorting.h */ = {isa = PBXFileReference; fileEncoding = 4; lastKnownFileType = sourcecode.c.h; path = Sorting.h; sourceTree = "<group>"; };
		2D44B7C41E690D0500465864 /* MyDB_BPlusTreeReaderWriter.cc */ = {isa = PBXFileReference; fileEncoding = 4; lastKnownFileType = sourcecode.cpp.cpp; path = MyDB_BPlusTreeReaderWriter.cc; sourceTree = "<group>"; };
		2D44B7C51E690D0500465864 /* MyDB_PageListIteratorAlt.cc */ = {isa = PBXFileReference; fileEncoding = 4; lastKnownFileType = sourcecode.cpp.cpp; path = MyDB_PageListIteratorAlt.cc; sourceTree = "<group>"; };
		2D44B7C61E690D0500465864 /* MyDB_PageReaderWriter.cc */ = {isa = PBXFileReference; fileEncoding = 4; lastKnownFileType = sourcecode.cpp.cpp; path = MyDB_PageReaderWriter.cc; sourceTree = "<group>"; };
		2D44B7C71E690D0500465864 /* MyDB_PageRecIterator.cc */ = {isa = PBXFileReference; fileEncoding = 4; lastKnownFileType = sourcecode.cpp.cpp; path = MyDB_PageRecIterator.cc; sourceTree = "<group>"; };
		2D44B7C81E690D0500465864 /* MyDB_PageRecIteratorAlt.cc */ = {isa = PBXFileReference; fileEncoding = 4; lastKnownFileType = sourcecode.cpp.cpp; path = MyDB_PageRecIteratorAlt.cc; sourceTree = "<group>"; };
		2D44B7C91E690D0500465864 /* MyDB_RunQueueIteratorAlt.cc */ = {isa = PBXFileReference; fileEncoding = 4; lastKnownFileType = sourcecode.cpp.cpp; path = MyDB_RunQueueIteratorAlt.cc; sourceTree = "<group>"; };
		2D44B7CA1E690D0500465864 /* MyDB_TableReaderWriter.cc */ = {isa = PBXFileReference; fileEncoding = 4; lastKnownFileType = sourcecode.cpp.cpp; path = MyDB_TableReaderWriter.cc; sourceTree = "<group>"; };
		2D44B7CB1E690D0500465864 /* MyDB_TableRecIterator.cc */ = {isa = PBXFileReference; fileEncoding = 4; lastKnownFileType = sourcecode.cpp.cpp; path = MyDB_TableRecIterator.cc; sourceTree = "<group>"; };
		2D44B7CC1E690D0500465864 /* MyDB_TableRecIteratorAlt.cc */ = {isa = PBXFileReference; fileEncoding = 4; lastKnownFileType = sourcecode.cpp.cpp; path = MyDB_TableRecIteratorAlt.cc; sourceTree = "<group>"; };
		2D44B7CD1E690D0500465864 /* Sorting.cc */ = {isa = PBXFileReference; fileEncoding = 4; lastKnownFileType = sourcecode.cpp.cpp; path = Sorting.cc; sourceTree = "<group>"; };
		2D44B7D01E690D0500465864 /* QUnit.h */ = {isa = PBXFileReference; fileEncoding = 4; lastKnownFileType = sourcecode.c.h; path = QUnit.h; sourceTree = "<group>"; };
		2D44B7D31E690D0500465864 /* MyDB_AttVal.h */ = {isa = PBXFileReference; fileEncoding = 4; lastKnownFileType = sourcecode.c.h; path = MyDB_AttVal.h; sourceTree = "<group>"; };
		2D44B7D41E690D0500465864 /* MyDB_INRecord.h */ = {isa = PBXFileReference; fileEncoding = 4; lastKnownFileType = sourcecode.c.h; path = MyDB_INRecord.h; sourceTree = "<group>"; };
		2D44B7D51E690D0500465864 /* MyDB_Record.h */ = {isa = PBXFileReference; fileEncoding = 4; lastKnownFileType = sourcecode.c.h; path = MyDB_Record.h; sourceTree = "<group>"; };
		2D44B7D71E690D0500465864 /* MyDB_AttVal.cc */ = {isa = PBXFileReference; fileEncoding = 4; lastKnownFileType = sourcecode.cpp.cpp; path = MyDB_AttVal.cc; sourceTree = "<group>"; };
		2D44B7D81E690D0500465864 /* MyDB_Record.cc */ = {isa = PBXFileReference; fileEncoding = 4; lastKnownFileType = sourcecode.cpp.cpp; path = MyDB_Record.cc; sourceTree = "<group>"; };
		2D44B7DB1E690D0500465864 /* RecordQUnit.cc */ = {isa = PBXFileReference; fileEncoding = 4; lastKnownFileType = sourcecode.cpp.cpp; path = RecordQUnit.cc; sourceTree = "<group>"; };
		2D44B7DE1E690D0500465864 /* empty.tbl */ = {isa = PBXFileReference; fileEncoding = 4; lastKnownFileType = text; path = empty.tbl; sourceTree = "<group>"; };
		2D44B7DF1E690D0500465864 /* indexvalue.tbl */ = {isa = PBXFileReference; fileEncoding = 4; lastKnownFileType = text; path = indexvalue.tbl; sourceTree = "<group>"; };
		2D44B7E01E690D0500465864 /* indexvalueBigSorted.tbl */ = {isa = PBXFileReference; fileEncoding = 4; lastKnownFileType = text; path = indexvalueBigSorted.tbl; sourceTree = "<group>"; };
		2D44B7E11E690D0500465864 /* indexvalueBigSortedTwo.tbl */ = {isa = PBXFileReference; fileEncoding = 4; lastKnownFileType = text; path = indexvalueBigSortedTwo.tbl; sourceTree = "<group>"; };
		2D44B7E21E690D0500465864 /* SortQUnit.cc */ = {isa = PBXFileReference; fileEncoding = 4; lastKnownFileType = sourcecode.cpp.cpp; path = SortQUnit.cc; sourceTree = "<group>"; };
		2D44B7E31E690D0500465864 /* supplier.tbl */ = {isa = PBXFileReference; fileEncoding = 4; lastKnownFileType = text; path = supplier.tbl; sourceTree = "<group>"; };
		2D44B7E41E690D0500465864 /* supplierBig.tbl */ = {isa = PBXFileReference; fileEncoding = 4; lastKnownFileType = text; path = supplierBig.tbl; sourceTree = "<group>"; };
		2D44B7E51E690D0500465864 /* supplierBigSorted.tbl */ = {isa = PBXFileReference; fileEncoding = 4; lastKnownFileType = text; path = supplierBigSorted.tbl; sourceTree = "<group>"; };
		2D44B7E61E690D0500465864 /* supplierSmall.tbl */ = {isa = PBXFileReference; fileEncoding = 4; lastKnownFileType = text; path = supplierSmall.tbl; sourceTree = "<group>"; };
/* End PBXFileReference section */

/* Begin PBXFrameworksBuildPhase section */
		2D44B7831E690CE600465864 /* Frameworks */ = {
			isa = PBXFrameworksBuildPhase;
			buildActionMask = 2147483647;
			files = (
			);
			runOnlyForDeploymentPostprocessing = 0;
		};
/* End PBXFrameworksBuildPhase section */

/* Begin PBXGroup section */
		2D44B77D1E690CE600465864 = {
			isa = PBXGroup;
			children = (
				2D44B7881E690CE600465864 /* A4_1 */,
				2D44B7871E690CE600465864 /* Products */,
			);
			sourceTree = "<group>";
		};
		2D44B7871E690CE600465864 /* Products */ = {
			isa = PBXGroup;
			children = (
				2D44B7861E690CE600465864 /* A4_1 */,
			);
			name = Products;
			sourceTree = "<group>";
		};
		2D44B7881E690CE600465864 /* A4_1 */ = {
			isa = PBXGroup;
			children = (
				2D44B7901E690D0500465864 /* BPlusTest */,
				2D44B7991E690D0500465864 /* BufferMgr */,
				2D44B7A41E690D0500465864 /* BufferTest */,
				2D44B7A71E690D0500465864 /* Catalog */,
				2D44B7B21E690D0500465864 /* DatabaseTable */,
				2D44B7CE1E690D0500465864 /* Qunit */,
				2D44B7D11E690D0500465864 /* Record */,
				2D44B7D91E690D0500465864 /* RecordTest */,
				2D44B7DC1E690D0500465864 /* SortTest */,
			);
			path = A4_1;
			sourceTree = "<group>";
		};
		2D44B7901E690D0500465864 /* BPlusTest */ = {
			isa = PBXGroup;
			children = (
				2D44B7971E690D0500465864 /* source */,
			);
			path = BPlusTest;
			sourceTree = "<group>";
		};
		2D44B7971E690D0500465864 /* source */ = {
			isa = PBXGroup;
			children = (
				2D44B7981E690D0500465864 /* BPlusQUnit.cc */,
			);
			path = source;
			sourceTree = "<group>";
		};
		2D44B7991E690D0500465864 /* BufferMgr */ = {
			isa = PBXGroup;
			children = (
				2D44B79A1E690D0500465864 /* headers */,
				2D44B7A11E690D0500465864 /* source */,
			);
			path = BufferMgr;
			sourceTree = "<group>";
		};
		2D44B79A1E690D0500465864 /* headers */ = {
			isa = PBXGroup;
			children = (
				2D44B79B1E690D0500465864 /* CheckLRU.h */,
				2D44B79C1E690D0500465864 /* MyDB_BufferManager.h */,
				2D44B79D1E690D0500465864 /* MyDB_Page.h */,
				2D44B79E1E690D0500465864 /* MyDB_PageHandle.h */,
				2D44B79F1E690D0500465864 /* PageCompare.h */,
				2D44B7A01E690D0500465864 /* TableCompare.h */,
			);
			path = headers;
			sourceTree = "<group>";
		};
		2D44B7A11E690D0500465864 /* source */ = {
			isa = PBXGroup;
			children = (
				2D44B7A21E690D0500465864 /* MyDB_BufferManager.cc */,
				2D44B7A31E690D0500465864 /* MyDB_Page.cc */,
			);
			path = source;
			sourceTree = "<group>";
		};
		2D44B7A41E690D0500465864 /* BufferTest */ = {
			isa = PBXGroup;
			children = (
				2D44B7A51E690D0500465864 /* source */,
			);
			path = BufferTest;
			sourceTree = "<group>";
		};
		2D44B7A51E690D0500465864 /* source */ = {
			isa = PBXGroup;
			children = (
				2D44B7A61E690D0500465864 /* BufferQUnit.cc */,
			);
			path = source;
			sourceTree = "<group>";
		};
		2D44B7A71E690D0500465864 /* Catalog */ = {
			isa = PBXGroup;
			children = (
				2D44B7A81E690D0500465864 /* headers */,
				2D44B7AE1E690D0500465864 /* source */,
			);
			path = Catalog;
			sourceTree = "<group>";
		};
		2D44B7A81E690D0500465864 /* headers */ = {
			isa = PBXGroup;
			children = (
				2D44B7A91E690D0500465864 /* MyDB_AttType.h */,
				2D44B7AA1E690D0500465864 /* MyDB_Catalog.h */,
				2D44B7AB1E690D0500465864 /* MyDB_PageType.h */,
				2D44B7AC1E690D0500465864 /* MyDB_Schema.h */,
				2D44B7AD1E690D0500465864 /* MyDB_Table.h */,
			);
			path = headers;
			sourceTree = "<group>";
		};
		2D44B7AE1E690D0500465864 /* source */ = {
			isa = PBXGroup;
			children = (
				2D44B7AF1E690D0500465864 /* MyDB_Catalog.cc */,
				2D44B7B01E690D0500465864 /* MyDB_Schema.cc */,
				2D44B7B11E690D0500465864 /* MyDB_Table.cc */,
			);
			path = source;
			sourceTree = "<group>";
		};
		2D44B7B21E690D0500465864 /* DatabaseTable */ = {
			isa = PBXGroup;
			children = (
				2D44B7B31E690D0500465864 /* headers */,
				2D44B7C31E690D0500465864 /* source */,
			);
			path = DatabaseTable;
			sourceTree = "<group>";
		};
		2D44B7B31E690D0500465864 /* headers */ = {
			isa = PBXGroup;
			children = (
				2D44B7B41E690D0500465864 /* IteratorComparator.h */,
				2D44B7B51E690D0500465864 /* MyDB_BPlusTreeReaderWriter.h */,
				2D44B7B61E690D0500465864 /* MyDB_PageListIteratorAlt.h */,
				2D44B7B71E690D0500465864 /* MyDB_PageListIteratorSelfSortingAlt.h */,
				2D44B7B81E690D0500465864 /* MyDB_PageReaderWriter.h */,
				2D44B7B91E690D0500465864 /* MyDB_PageRecIterator.h */,
				2D44B7BA1E690D0500465864 /* MyDB_PageRecIteratorAlt.h */,
				2D44B7BB1E690D0500465864 /* MyDB_RecordIterator.h */,
				2D44B7BC1E690D0500465864 /* MyDB_RecordIteratorAlt.h */,
				2D44B7BD1E690D0500465864 /* MyDB_RunQueueIteratorAlt.h */,
				2D44B7BE1E690D0500465864 /* MyDB_TableReaderWriter.h */,
				2D44B7BF1E690D0500465864 /* MyDB_TableRecIterator.h */,
				2D44B7C01E690D0500465864 /* MyDB_TableRecIteratorAlt.h */,
				2D44B7C11E690D0500465864 /* RecordComparator.h */,
				2D44B7C21E690D0500465864 /* Sorting.h */,
			);
			path = headers;
			sourceTree = "<group>";
		};
		2D44B7C31E690D0500465864 /* source */ = {
			isa = PBXGroup;
			children = (
				2D44B7C41E690D0500465864 /* MyDB_BPlusTreeReaderWriter.cc */,
				2D44B7C51E690D0500465864 /* MyDB_PageListIteratorAlt.cc */,
				2D44B7C61E690D0500465864 /* MyDB_PageReaderWriter.cc */,
				2D44B7C71E690D0500465864 /* MyDB_PageRecIterator.cc */,
				2D44B7C81E690D0500465864 /* MyDB_PageRecIteratorAlt.cc */,
				2D44B7C91E690D0500465864 /* MyDB_RunQueueIteratorAlt.cc */,
				2D44B7CA1E690D0500465864 /* MyDB_TableReaderWriter.cc */,
				2D44B7CB1E690D0500465864 /* MyDB_TableRecIterator.cc */,
				2D44B7CC1E690D0500465864 /* MyDB_TableRecIteratorAlt.cc */,
				2D44B7CD1E690D0500465864 /* Sorting.cc */,
			);
			path = source;
			sourceTree = "<group>";
		};
		2D44B7CE1E690D0500465864 /* Qunit */ = {
			isa = PBXGroup;
			children = (
				2D44B7CF1E690D0500465864 /* headers */,
			);
			path = Qunit;
			sourceTree = "<group>";
		};
		2D44B7CF1E690D0500465864 /* headers */ = {
			isa = PBXGroup;
			children = (
				2D44B7D01E690D0500465864 /* QUnit.h */,
			);
			path = headers;
			sourceTree = "<group>";
		};
		2D44B7D11E690D0500465864 /* Record */ = {
			isa = PBXGroup;
			children = (
				2D44B7D21E690D0500465864 /* headers */,
				2D44B7D61E690D0500465864 /* source */,
			);
			path = Record;
			sourceTree = "<group>";
		};
		2D44B7D21E690D0500465864 /* headers */ = {
			isa = PBXGroup;
			children = (
				2D44B7D31E690D0500465864 /* MyDB_AttVal.h */,
				2D44B7D41E690D0500465864 /* MyDB_INRecord.h */,
				2D44B7D51E690D0500465864 /* MyDB_Record.h */,
			);
			path = headers;
			sourceTree = "<group>";
		};
		2D44B7D61E690D0500465864 /* source */ = {
			isa = PBXGroup;
			children = (
				2D44B7D71E690D0500465864 /* MyDB_AttVal.cc */,
				2D44B7D81E690D0500465864 /* MyDB_Record.cc */,
			);
			path = source;
			sourceTree = "<group>";
		};
		2D44B7D91E690D0500465864 /* RecordTest */ = {
			isa = PBXGroup;
			children = (
				2D44B7DA1E690D0500465864 /* source */,
			);
			path = RecordTest;
			sourceTree = "<group>";
		};
		2D44B7DA1E690D0500465864 /* source */ = {
			isa = PBXGroup;
			children = (
				2D44B7DB1E690D0500465864 /* RecordQUnit.cc */,
			);
			path = source;
			sourceTree = "<group>";
		};
		2D44B7DC1E690D0500465864 /* SortTest */ = {
			isa = PBXGroup;
			children = (
				2D44B7DD1E690D0500465864 /* source */,
			);
			path = SortTest;
			sourceTree = "<group>";
		};
		2D44B7DD1E690D0500465864 /* source */ = {
			isa = PBXGroup;
			children = (
				2D44B7DE1E690D0500465864 /* empty.tbl */,
				2D44B7DF1E690D0500465864 /* indexvalue.tbl */,
				2D44B7E01E690D0500465864 /* indexvalueBigSorted.tbl */,
				2D44B7E11E690D0500465864 /* indexvalueBigSortedTwo.tbl */,
				2D44B7E21E690D0500465864 /* SortQUnit.cc */,
				2D44B7E31E690D0500465864 /* supplier.tbl */,
				2D44B7E41E690D0500465864 /* supplierBig.tbl */,
				2D44B7E51E690D0500465864 /* supplierBigSorted.tbl */,
				2D44B7E61E690D0500465864 /* supplierSmall.tbl */,
			);
			path = source;
			sourceTree = "<group>";
		};
/* End PBXGroup section */

/* Begin PBXNativeTarget section */
		2D44B7851E690CE600465864 /* A4_1 */ = {
			isa = PBXNativeTarget;
			buildConfigurationList = 2D44B78D1E690CE600465864 /* Build configuration list for PBXNativeTarget "A4_1" */;
			buildPhases = (
				2D44B7821E690CE600465864 /* Sources */,
				2D44B7831E690CE600465864 /* Frameworks */,
				2D44B7841E690CE600465864 /* CopyFiles */,
			);
			buildRules = (
			);
			dependencies = (
			);
			name = A4_1;
			productName = A4_1;
			productReference = 2D44B7861E690CE600465864 /* A4_1 */;
			productType = "com.apple.product-type.tool";
		};
/* End PBXNativeTarget section */

/* Begin PBXProject section */
		2D44B77E1E690CE600465864 /* Project object */ = {
			isa = PBXProject;
			attributes = {
				LastUpgradeCheck = 0820;
				ORGANIZATIONNAME = "Junru Xia";
				TargetAttributes = {
					2D44B7851E690CE600465864 = {
						CreatedOnToolsVersion = 8.2.1;
						ProvisioningStyle = Automatic;
					};
				};
			};
			buildConfigurationList = 2D44B7811E690CE600465864 /* Build configuration list for PBXProject "A4_1" */;
			compatibilityVersion = "Xcode 3.2";
			developmentRegion = English;
			hasScannedForEncodings = 0;
			knownRegions = (
				en,
			);
			mainGroup = 2D44B77D1E690CE600465864;
			productRefGroup = 2D44B7871E690CE600465864 /* Products */;
			projectDirPath = "";
			projectRoot = "";
			targets = (
				2D44B7851E690CE600465864 /* A4_1 */,
			);
		};
/* End PBXProject section */

/* Begin PBXSourcesBuildPhase section */
		2D44B7821E690CE600465864 /* Sources */ = {
			isa = PBXSourcesBuildPhase;
			buildActionMask = 2147483647;
			files = (
				2D44B7F51E690D0500465864 /* MyDB_TableReaderWriter.cc in Sources */,
				2D44B7FA1E690D0500465864 /* MyDB_Record.cc in Sources */,
				2D44B7F11E690D0500465864 /* MyDB_PageReaderWriter.cc in Sources */,
				2D44B7EC1E690D0500465864 /* MyDB_Catalog.cc in Sources */,
				2D44B7E81E690D0500465864 /* BPlusQUnit.cc in Sources */,
				2D44B7F81E690D0500465864 /* Sorting.cc in Sources */,
				2D44B7EE1E690D0500465864 /* MyDB_Table.cc in Sources */,
				2D44B7EB1E690D0500465864 /* BufferQUnit.cc in Sources */,
				2D44B7FB1E690D0500465864 /* RecordQUnit.cc in Sources */,
				2D44B7F61E690D0500465864 /* MyDB_TableRecIterator.cc in Sources */,
				2D44B7E91E690D0500465864 /* MyDB_BufferManager.cc in Sources */,
				2D44B7FC1E690D0500465864 /* SortQUnit.cc in Sources */,
				2D44B7F91E690D0500465864 /* MyDB_AttVal.cc in Sources */,
				2D44B7F41E690D0500465864 /* MyDB_RunQueueIteratorAlt.cc in Sources */,
				2D44B7EF1E690D0500465864 /* MyDB_BPlusTreeReaderWriter.cc in Sources */,
				2D44B7F01E690D0500465864 /* MyDB_PageListIteratorAlt.cc in Sources */,
				2D44B7F31E690D0500465864 /* MyDB_PageRecIteratorAlt.cc in Sources */,
				2D44B7F71E690D0500465864 /* MyDB_TableRecIteratorAlt.cc in Sources */,
				2D44B7ED1E690D0500465864 /* MyDB_Schema.cc in Sources */,
				2D44B7EA1E690D0500465864 /* MyDB_Page.cc in Sources */,
				2D44B7F21E690D0500465864 /* MyDB_PageRecIterator.cc in Sources */,
			);
			runOnlyForDeploymentPostprocessing = 0;
		};
/* End PBXSourcesBuildPhase section */

/* Begin XCBuildConfiguration section */
		2D44B78B1E690CE600465864 /* Debug */ = {
			isa = XCBuildConfiguration;
			buildSettings = {
				ALWAYS_SEARCH_USER_PATHS = NO;
				CLANG_ANALYZER_NONNULL = YES;
				CLANG_CXX_LANGUAGE_STANDARD = "gnu++0x";
				CLANG_CXX_LIBRARY = "libc++";
				CLANG_ENABLE_MODULES = YES;
				CLANG_ENABLE_OBJC_ARC = YES;
				CLANG_WARN_BOOL_CONVERSION = YES;
				CLANG_WARN_CONSTANT_CONVERSION = YES;
				CLANG_WARN_DIRECT_OBJC_ISA_USAGE = YES_ERROR;
				CLANG_WARN_DOCUMENTATION_COMMENTS = YES;
				CLANG_WARN_EMPTY_BODY = YES;
				CLANG_WARN_ENUM_CONVERSION = YES;
				CLANG_WARN_INFINITE_RECURSION = YES;
				CLANG_WARN_INT_CONVERSION = YES;
				CLANG_WARN_OBJC_ROOT_CLASS = YES_ERROR;
				CLANG_WARN_SUSPICIOUS_MOVE = YES;
				CLANG_WARN_UNREACHABLE_CODE = YES;
				CLANG_WARN__DUPLICATE_METHOD_MATCH = YES;
				CODE_SIGN_IDENTITY = "-";
				COPY_PHASE_STRIP = NO;
				DEBUG_INFORMATION_FORMAT = dwarf;
				ENABLE_STRICT_OBJC_MSGSEND = YES;
				ENABLE_TESTABILITY = YES;
				GCC_C_LANGUAGE_STANDARD = gnu99;
				GCC_DYNAMIC_NO_PIC = NO;
				GCC_NO_COMMON_BLOCKS = YES;
				GCC_OPTIMIZATION_LEVEL = 0;
				GCC_PREPROCESSOR_DEFINITIONS = (
					"DEBUG=1",
					"$(inherited)",
				);
				GCC_WARN_64_TO_32_BIT_CONVERSION = YES;
				GCC_WARN_ABOUT_RETURN_TYPE = YES_ERROR;
				GCC_WARN_UNDECLARED_SELECTOR = YES;
				GCC_WARN_UNINITIALIZED_AUTOS = YES_AGGRESSIVE;
				GCC_WARN_UNUSED_FUNCTION = YES;
				GCC_WARN_UNUSED_VARIABLE = YES;
				MACOSX_DEPLOYMENT_TARGET = 10.11;
				MTL_ENABLE_DEBUG_INFO = YES;
				ONLY_ACTIVE_ARCH = YES;
				SDKROOT = macosx;
			};
			name = Debug;
		};
		2D44B78C1E690CE600465864 /* Release */ = {
			isa = XCBuildConfiguration;
			buildSettings = {
				ALWAYS_SEARCH_USER_PATHS = NO;
				CLANG_ANALYZER_NONNULL = YES;
				CLANG_CXX_LANGUAGE_STANDARD = "gnu++0x";
				CLANG_CXX_LIBRARY = "libc++";
				CLANG_ENABLE_MODULES = YES;
				CLANG_ENABLE_OBJC_ARC = YES;
				CLANG_WARN_BOOL_CONVERSION = YES;
				CLANG_WARN_CONSTANT_CONVERSION = YES;
				CLANG_WARN_DIRECT_OBJC_ISA_USAGE = YES_ERROR;
				CLANG_WARN_DOCUMENTATION_COMMENTS = YES;
				CLANG_WARN_EMPTY_BODY = YES;
				CLANG_WARN_ENUM_CONVERSION = YES;
				CLANG_WARN_INFINITE_RECURSION = YES;
				CLANG_WARN_INT_CONVERSION = YES;
				CLANG_WARN_OBJC_ROOT_CLASS = YES_ERROR;
				CLANG_WARN_SUSPICIOUS_MOVE = YES;
				CLANG_WARN_UNREACHABLE_CODE = YES;
				CLANG_WARN__DUPLICATE_METHOD_MATCH = YES;
				CODE_SIGN_IDENTITY = "-";
				COPY_PHASE_STRIP = NO;
				DEBUG_INFORMATION_FORMAT = "dwarf-with-dsym";
				ENABLE_NS_ASSERTIONS = NO;
				ENABLE_STRICT_OBJC_MSGSEND = YES;
				GCC_C_LANGUAGE_STANDARD = gnu99;
				GCC_NO_COMMON_BLOCKS = YES;
				GCC_WARN_64_TO_32_BIT_CONVERSION = YES;
				GCC_WARN_ABOUT_RETURN_TYPE = YES_ERROR;
				GCC_WARN_UNDECLARED_SELECTOR = YES;
				GCC_WARN_UNINITIALIZED_AUTOS = YES_AGGRESSIVE;
				GCC_WARN_UNUSED_FUNCTION = YES;
				GCC_WARN_UNUSED_VARIABLE = YES;
				MACOSX_DEPLOYMENT_TARGET = 10.11;
				MTL_ENABLE_DEBUG_INFO = NO;
				SDKROOT = macosx;
			};
			name = Release;
		};
		2D44B78E1E690CE600465864 /* Debug */ = {
			isa = XCBuildConfiguration;
			buildSettings = {
				PRODUCT_NAME = "$(TARGET_NAME)";
			};
			name = Debug;
		};
		2D44B78F1E690CE600465864 /* Release */ = {
			isa = XCBuildConfiguration;
			buildSettings = {
				PRODUCT_NAME = "$(TARGET_NAME)";
			};
			name = Release;
		};
/* End XCBuildConfiguration section */

/* Begin XCConfigurationList section */
		2D44B7811E690CE600465864 /* Build configuration list for PBXProject "A4_1" */ = {
			isa = XCConfigurationList;
			buildConfigurations = (
				2D44B78B1E690CE600465864 /* Debug */,
				2D44B78C1E690CE600465864 /* Release */,
			);
			defaultConfigurationIsVisible = 0;
			defaultConfigurationName = Release;
		};
		2D44B78D1E690CE600465864 /* Build configuration list for PBXNativeTarget "A4_1" */ = {
			isa = XCConfigurationList;
			buildConfigurations = (
				2D44B78E1E690CE600465864 /* Debug */,
				2D44B78F1E690CE600465864 /* Release */,
			);
			defaultConfigurationIsVisible = 0;
		};
/* End XCConfigurationList section */
	};
	rootObject = 2D44B77E1E690CE600465864 /* Project object */;
}
