// !$*UTF8*$!
{
	archiveVersion = 1;
	classes = {
	};
	objectVersion = 46;
	objects = {

/* Begin PBXFileReference section */
		C0E3C0CA1EA0645E00F374D5 /* SConstruct */ = {isa = PBXFileReference; fileEncoding = 4; lastKnownFileType = text; path = SConstruct; sourceTree = "<group>"; };
		C0E3C0CB1EA0645E00F374D5 /* supplier.tbl */ = {isa = PBXFileReference; fileEncoding = 4; lastKnownFileType = text; path = supplier.tbl; sourceTree = "<group>"; };
		C0E3C0CC1EA0645E00F374D5 /* supplierBig.tbl */ = {isa = PBXFileReference; fileEncoding = 4; lastKnownFileType = text; path = supplierBig.tbl; sourceTree = "<group>"; };
		C0E3C0CD1EA0645E00F374D5 /* supplierBigSorted.tbl */ = {isa = PBXFileReference; fileEncoding = 4; lastKnownFileType = text; path = supplierBigSorted.tbl; sourceTree = "<group>"; };
		C0E3C0CE1EA0645E00F374D5 /* supplierSmall.tbl */ = {isa = PBXFileReference; fileEncoding = 4; lastKnownFileType = text; path = supplierSmall.tbl; sourceTree = "<group>"; };
		C0E3C0D21EA0645E00F374D5 /* BPlusQUnit.cc */ = {isa = PBXFileReference; fileEncoding = 4; lastKnownFileType = sourcecode.cpp.cpp; path = BPlusQUnit.cc; sourceTree = "<group>"; };
		C0E3C0D51EA0645E00F374D5 /* CheckLRU.h */ = {isa = PBXFileReference; fileEncoding = 4; lastKnownFileType = sourcecode.c.h; path = CheckLRU.h; sourceTree = "<group>"; };
		C0E3C0D61EA0645E00F374D5 /* MyDB_BufferManager.h */ = {isa = PBXFileReference; fileEncoding = 4; lastKnownFileType = sourcecode.c.h; path = MyDB_BufferManager.h; sourceTree = "<group>"; };
		C0E3C0D71EA0645E00F374D5 /* MyDB_Page.h */ = {isa = PBXFileReference; fileEncoding = 4; lastKnownFileType = sourcecode.c.h; path = MyDB_Page.h; sourceTree = "<group>"; };
		C0E3C0D81EA0645E00F374D5 /* MyDB_PageHandle.h */ = {isa = PBXFileReference; fileEncoding = 4; lastKnownFileType = sourcecode.c.h; path = MyDB_PageHandle.h; sourceTree = "<group>"; };
		C0E3C0D91EA0645E00F374D5 /* PageCompare.h */ = {isa = PBXFileReference; fileEncoding = 4; lastKnownFileType = sourcecode.c.h; path = PageCompare.h; sourceTree = "<group>"; };
		C0E3C0DA1EA0645E00F374D5 /* TableCompare.h */ = {isa = PBXFileReference; fileEncoding = 4; lastKnownFileType = sourcecode.c.h; path = TableCompare.h; sourceTree = "<group>"; };
		C0E3C0DC1EA0645E00F374D5 /* MyDB_BufferManager.cc */ = {isa = PBXFileReference; fileEncoding = 4; lastKnownFileType = sourcecode.cpp.cpp; path = MyDB_BufferManager.cc; sourceTree = "<group>"; };
		C0E3C0DD1EA0645E00F374D5 /* MyDB_Page.cc */ = {isa = PBXFileReference; fileEncoding = 4; lastKnownFileType = sourcecode.cpp.cpp; path = MyDB_Page.cc; sourceTree = "<group>"; };
		C0E3C0E01EA0645E00F374D5 /* BufferQUnit.cc */ = {isa = PBXFileReference; fileEncoding = 4; lastKnownFileType = sourcecode.cpp.cpp; path = BufferQUnit.cc; sourceTree = "<group>"; };
		C0E3C0E31EA0645E00F374D5 /* MyDB_AttType.h */ = {isa = PBXFileReference; fileEncoding = 4; lastKnownFileType = sourcecode.c.h; path = MyDB_AttType.h; sourceTree = "<group>"; };
		C0E3C0E41EA0645E00F374D5 /* MyDB_Catalog.h */ = {isa = PBXFileReference; fileEncoding = 4; lastKnownFileType = sourcecode.c.h; path = MyDB_Catalog.h; sourceTree = "<group>"; };
		C0E3C0E51EA0645E00F374D5 /* MyDB_PageType.h */ = {isa = PBXFileReference; fileEncoding = 4; lastKnownFileType = sourcecode.c.h; path = MyDB_PageType.h; sourceTree = "<group>"; };
		C0E3C0E61EA0645E00F374D5 /* MyDB_Schema.h */ = {isa = PBXFileReference; fileEncoding = 4; lastKnownFileType = sourcecode.c.h; path = MyDB_Schema.h; sourceTree = "<group>"; };
		C0E3C0E71EA0645E00F374D5 /* MyDB_Table.h */ = {isa = PBXFileReference; fileEncoding = 4; lastKnownFileType = sourcecode.c.h; path = MyDB_Table.h; sourceTree = "<group>"; };
		C0E3C0E91EA0645E00F374D5 /* MyDB_Catalog.cc */ = {isa = PBXFileReference; fileEncoding = 4; lastKnownFileType = sourcecode.cpp.cpp; path = MyDB_Catalog.cc; sourceTree = "<group>"; };
		C0E3C0EA1EA0645E00F374D5 /* MyDB_Schema.cc */ = {isa = PBXFileReference; fileEncoding = 4; lastKnownFileType = sourcecode.cpp.cpp; path = MyDB_Schema.cc; sourceTree = "<group>"; };
		C0E3C0EB1EA0645E00F374D5 /* MyDB_Table.cc */ = {isa = PBXFileReference; fileEncoding = 4; lastKnownFileType = sourcecode.cpp.cpp; path = MyDB_Table.cc; sourceTree = "<group>"; };
		C0E3C0EE1EA0645E00F374D5 /* IteratorComparator.h */ = {isa = PBXFileReference; fileEncoding = 4; lastKnownFileType = sourcecode.c.h; path = IteratorComparator.h; sourceTree = "<group>"; };
		C0E3C0EF1EA0645E00F374D5 /* MyDB_BPlusTreeReaderWriter.h */ = {isa = PBXFileReference; fileEncoding = 4; lastKnownFileType = sourcecode.c.h; path = MyDB_BPlusTreeReaderWriter.h; sourceTree = "<group>"; };
		C0E3C0F01EA0645E00F374D5 /* MyDB_PageListIteratorAlt.h */ = {isa = PBXFileReference; fileEncoding = 4; lastKnownFileType = sourcecode.c.h; path = MyDB_PageListIteratorAlt.h; sourceTree = "<group>"; };
		C0E3C0F11EA0645E00F374D5 /* MyDB_PageListIteratorSelfSortingAlt.h */ = {isa = PBXFileReference; fileEncoding = 4; lastKnownFileType = sourcecode.c.h; path = MyDB_PageListIteratorSelfSortingAlt.h; sourceTree = "<group>"; };
		C0E3C0F21EA0645E00F374D5 /* MyDB_PageReaderWriter.h */ = {isa = PBXFileReference; fileEncoding = 4; lastKnownFileType = sourcecode.c.h; path = MyDB_PageReaderWriter.h; sourceTree = "<group>"; };
		C0E3C0F31EA0645E00F374D5 /* MyDB_PageRecIterator.h */ = {isa = PBXFileReference; fileEncoding = 4; lastKnownFileType = sourcecode.c.h; path = MyDB_PageRecIterator.h; sourceTree = "<group>"; };
		C0E3C0F41EA0645E00F374D5 /* MyDB_PageRecIteratorAlt.h */ = {isa = PBXFileReference; fileEncoding = 4; lastKnownFileType = sourcecode.c.h; path = MyDB_PageRecIteratorAlt.h; sourceTree = "<group>"; };
		C0E3C0F51EA0645E00F374D5 /* MyDB_RecordIterator.h */ = {isa = PBXFileReference; fileEncoding = 4; lastKnownFileType = sourcecode.c.h; path = MyDB_RecordIterator.h; sourceTree = "<group>"; };
		C0E3C0F61EA0645E00F374D5 /* MyDB_RecordIteratorAlt.h */ = {isa = PBXFileReference; fileEncoding = 4; lastKnownFileType = sourcecode.c.h; path = MyDB_RecordIteratorAlt.h; sourceTree = "<group>"; };
		C0E3C0F71EA0645E00F374D5 /* MyDB_RunQueueIteratorAlt.h */ = {isa = PBXFileReference; fileEncoding = 4; lastKnownFileType = sourcecode.c.h; path = MyDB_RunQueueIteratorAlt.h; sourceTree = "<group>"; };
		C0E3C0F81EA0645E00F374D5 /* MyDB_TableReaderWriter.h */ = {isa = PBXFileReference; fileEncoding = 4; lastKnownFileType = sourcecode.c.h; path = MyDB_TableReaderWriter.h; sourceTree = "<group>"; };
		C0E3C0F91EA0645E00F374D5 /* MyDB_TableRecIterator.h */ = {isa = PBXFileReference; fileEncoding = 4; lastKnownFileType = sourcecode.c.h; path = MyDB_TableRecIterator.h; sourceTree = "<group>"; };
		C0E3C0FA1EA0645E00F374D5 /* MyDB_TableRecIteratorAlt.h */ = {isa = PBXFileReference; fileEncoding = 4; lastKnownFileType = sourcecode.c.h; path = MyDB_TableRecIteratorAlt.h; sourceTree = "<group>"; };
		C0E3C0FB1EA0645E00F374D5 /* RecordComparator.h */ = {isa = PBXFileReference; fileEncoding = 4; lastKnownFileType = sourcecode.c.h; path = RecordComparator.h; sourceTree = "<group>"; };
		C0E3C0FC1EA0645E00F374D5 /* Sorting.h */ = {isa = PBXFileReference; fileEncoding = 4; lastKnownFileType = sourcecode.c.h; path = Sorting.h; sourceTree = "<group>"; };
		C0E3C0FE1EA0645E00F374D5 /* MyDB_BPlusTreeReaderWriter.cc */ = {isa = PBXFileReference; fileEncoding = 4; lastKnownFileType = sourcecode.cpp.cpp; path = MyDB_BPlusTreeReaderWriter.cc; sourceTree = "<group>"; };
		C0E3C0FF1EA0645E00F374D5 /* MyDB_PageListIteratorAlt.cc */ = {isa = PBXFileReference; fileEncoding = 4; lastKnownFileType = sourcecode.cpp.cpp; path = MyDB_PageListIteratorAlt.cc; sourceTree = "<group>"; };
		C0E3C1001EA0645E00F374D5 /* MyDB_PageReaderWriter.cc */ = {isa = PBXFileReference; fileEncoding = 4; lastKnownFileType = sourcecode.cpp.cpp; path = MyDB_PageReaderWriter.cc; sourceTree = "<group>"; };
		C0E3C1011EA0645E00F374D5 /* MyDB_PageRecIterator.cc */ = {isa = PBXFileReference; fileEncoding = 4; lastKnownFileType = sourcecode.cpp.cpp; path = MyDB_PageRecIterator.cc; sourceTree = "<group>"; };
		C0E3C1021EA0645E00F374D5 /* MyDB_PageRecIteratorAlt.cc */ = {isa = PBXFileReference; fileEncoding = 4; lastKnownFileType = sourcecode.cpp.cpp; path = MyDB_PageRecIteratorAlt.cc; sourceTree = "<group>"; };
		C0E3C1031EA0645E00F374D5 /* MyDB_RunQueueIteratorAlt.cc */ = {isa = PBXFileReference; fileEncoding = 4; lastKnownFileType = sourcecode.cpp.cpp; path = MyDB_RunQueueIteratorAlt.cc; sourceTree = "<group>"; };
		C0E3C1041EA0645E00F374D5 /* MyDB_TableReaderWriter.cc */ = {isa = PBXFileReference; fileEncoding = 4; lastKnownFileType = sourcecode.cpp.cpp; path = MyDB_TableReaderWriter.cc; sourceTree = "<group>"; };
		C0E3C1051EA0645E00F374D5 /* MyDB_TableRecIterator.cc */ = {isa = PBXFileReference; fileEncoding = 4; lastKnownFileType = sourcecode.cpp.cpp; path = MyDB_TableRecIterator.cc; sourceTree = "<group>"; };
		C0E3C1061EA0645E00F374D5 /* MyDB_TableRecIteratorAlt.cc */ = {isa = PBXFileReference; fileEncoding = 4; lastKnownFileType = sourcecode.cpp.cpp; path = MyDB_TableRecIteratorAlt.cc; sourceTree = "<group>"; };
		C0E3C1071EA0645E00F374D5 /* Sorting.cc */ = {isa = PBXFileReference; fileEncoding = 4; lastKnownFileType = sourcecode.cpp.cpp; path = Sorting.cc; sourceTree = "<group>"; };
		C0E3C10A1EA0645E00F374D5 /* QUnit.h */ = {isa = PBXFileReference; fileEncoding = 4; lastKnownFileType = sourcecode.c.h; path = QUnit.h; sourceTree = "<group>"; };
		C0E3C10D1EA0645E00F374D5 /* MyDB_AttVal.h */ = {isa = PBXFileReference; fileEncoding = 4; lastKnownFileType = sourcecode.c.h; path = MyDB_AttVal.h; sourceTree = "<group>"; };
		C0E3C10E1EA0645E00F374D5 /* MyDB_INRecord.h */ = {isa = PBXFileReference; fileEncoding = 4; lastKnownFileType = sourcecode.c.h; path = MyDB_INRecord.h; sourceTree = "<group>"; };
		C0E3C10F1EA0645E00F374D5 /* MyDB_Record.h */ = {isa = PBXFileReference; fileEncoding = 4; lastKnownFileType = sourcecode.c.h; path = MyDB_Record.h; sourceTree = "<group>"; };
		C0E3C1111EA0645E00F374D5 /* MyDB_AttVal.cc */ = {isa = PBXFileReference; fileEncoding = 4; lastKnownFileType = sourcecode.cpp.cpp; path = MyDB_AttVal.cc; sourceTree = "<group>"; };
		C0E3C1121EA0645E00F374D5 /* MyDB_Record.cc */ = {isa = PBXFileReference; fileEncoding = 4; lastKnownFileType = sourcecode.cpp.cpp; path = MyDB_Record.cc; sourceTree = "<group>"; };
		C0E3C1151EA0645E00F374D5 /* RecordQUnit.cc */ = {isa = PBXFileReference; fileEncoding = 4; lastKnownFileType = sourcecode.cpp.cpp; path = RecordQUnit.cc; sourceTree = "<group>"; };
		C0E3C1181EA0645E00F374D5 /* Aggregate.h */ = {isa = PBXFileReference; fileEncoding = 4; lastKnownFileType = sourcecode.c.h; path = Aggregate.h; sourceTree = "<group>"; };
		C0E3C1191EA0645E00F374D5 /* BPlusSelection.h */ = {isa = PBXFileReference; fileEncoding = 4; lastKnownFileType = sourcecode.c.h; path = BPlusSelection.h; sourceTree = "<group>"; };
		C0E3C11A1EA0645E00F374D5 /* RegularSelection.h */ = {isa = PBXFileReference; fileEncoding = 4; lastKnownFileType = sourcecode.c.h; path = RegularSelection.h; sourceTree = "<group>"; };
		C0E3C11B1EA0645E00F374D5 /* ScanJoin.h */ = {isa = PBXFileReference; fileEncoding = 4; lastKnownFileType = sourcecode.c.h; path = ScanJoin.h; sourceTree = "<group>"; };
		C0E3C11C1EA0645E00F374D5 /* SortMergeJoin.h */ = {isa = PBXFileReference; fileEncoding = 4; lastKnownFileType = sourcecode.c.h; path = SortMergeJoin.h; sourceTree = "<group>"; };
		C0E3C11E1EA0645E00F374D5 /* Aggregate.cc */ = {isa = PBXFileReference; fileEncoding = 4; lastKnownFileType = sourcecode.cpp.cpp; path = Aggregate.cc; sourceTree = "<group>"; };
		C0E3C11F1EA0645E00F374D5 /* BPlusSelection.cc */ = {isa = PBXFileReference; fileEncoding = 4; lastKnownFileType = sourcecode.cpp.cpp; path = BPlusSelection.cc; sourceTree = "<group>"; };
		C0E3C1201EA0645E00F374D5 /* RegularSelection.cc */ = {isa = PBXFileReference; fileEncoding = 4; lastKnownFileType = sourcecode.cpp.cpp; path = RegularSelection.cc; sourceTree = "<group>"; };
		C0E3C1211EA0645E00F374D5 /* ScanJoin.cc */ = {isa = PBXFileReference; fileEncoding = 4; lastKnownFileType = sourcecode.cpp.cpp; path = ScanJoin.cc; sourceTree = "<group>"; };
		C0E3C1221EA0645E00F374D5 /* SortMergeJoin.cc */ = {isa = PBXFileReference; fileEncoding = 4; lastKnownFileType = sourcecode.cpp.cpp; path = SortMergeJoin.cc; sourceTree = "<group>"; };
		C0E3C1251EA0645E00F374D5 /* RelOpQUnit.cc */ = {isa = PBXFileReference; fileEncoding = 4; lastKnownFileType = sourcecode.cpp.cpp; path = RelOpQUnit.cc; sourceTree = "<group>"; };
		C0E3C1281EA0645E00F374D5 /* SortQUnit.cc */ = {isa = PBXFileReference; fileEncoding = 4; lastKnownFileType = sourcecode.cpp.cpp; path = SortQUnit.cc; sourceTree = "<group>"; };
		C0E3C12B1EA0645E00F374D5 /* ExprTree.h */ = {isa = PBXFileReference; fileEncoding = 4; lastKnownFileType = sourcecode.c.h; path = ExprTree.h; sourceTree = "<group>"; };
		C0E3C12C1EA0645E00F374D5 /* FriendDecls.h */ = {isa = PBXFileReference; fileEncoding = 4; lastKnownFileType = sourcecode.c.h; path = FriendDecls.h; sourceTree = "<group>"; };
		C0E3C12D1EA0645E00F374D5 /* Lexer.h */ = {isa = PBXFileReference; fileEncoding = 4; lastKnownFileType = sourcecode.c.h; path = Lexer.h; sourceTree = "<group>"; };
		C0E3C12E1EA0645E00F374D5 /* Parser.h */ = {isa = PBXFileReference; fileEncoding = 4; lastKnownFileType = sourcecode.c.h; path = Parser.h; sourceTree = "<group>"; };
		C0E3C12F1EA0645E00F374D5 /* ParserHelperFunctions.h */ = {isa = PBXFileReference; fileEncoding = 4; lastKnownFileType = sourcecode.c.h; path = ParserHelperFunctions.h; sourceTree = "<group>"; };
		C0E3C1301EA0645E00F374D5 /* ParserTypes.h */ = {isa = PBXFileReference; fileEncoding = 4; lastKnownFileType = sourcecode.c.h; path = ParserTypes.h; sourceTree = "<group>"; };
		C0E3C1321EA0645E00F374D5 /* Lexer.l */ = {isa = PBXFileReference; fileEncoding = 4; lastKnownFileType = sourcecode.lex; path = Lexer.l; sourceTree = "<group>"; };
		C0E3C1331EA0645E00F374D5 /* Parser.y */ = {isa = PBXFileReference; fileEncoding = 4; lastKnownFileType = sourcecode.yacc; path = Parser.y; sourceTree = "<group>"; };
		C0E3C1341EA0645E00F374D5 /* ParserHelperFunctions.cc */ = {isa = PBXFileReference; fileEncoding = 4; lastKnownFileType = sourcecode.cpp.cpp; path = ParserHelperFunctions.cc; sourceTree = "<group>"; };
		C0E3C1371EA0645E00F374D5 /* main.cc */ = {isa = PBXFileReference; fileEncoding = 4; lastKnownFileType = sourcecode.cpp.cpp; path = main.cc; sourceTree = "<group>"; };
/* End PBXFileReference section */

/* Begin PBXGroup section */
		C0E3C0BD1EA0641F00F374D5 = {
			isa = PBXGroup;
			children = (
				C0E3C0C81EA0645E00F374D5 /* Build */,
				C0E3C0CF1EA0645E00F374D5 /* Main */,
			);
			sourceTree = "<group>";
		};
		C0E3C0C81EA0645E00F374D5 /* Build */ = {
			isa = PBXGroup;
			children = (
				C0E3C0C91EA0645E00F374D5 /* bin */,
				C0E3C0CA1EA0645E00F374D5 /* SConstruct */,
				C0E3C0CB1EA0645E00F374D5 /* supplier.tbl */,
				C0E3C0CC1EA0645E00F374D5 /* supplierBig.tbl */,
				C0E3C0CD1EA0645E00F374D5 /* supplierBigSorted.tbl */,
				C0E3C0CE1EA0645E00F374D5 /* supplierSmall.tbl */,
			);
			path = Build;
			sourceTree = "<group>";
		};
		C0E3C0C91EA0645E00F374D5 /* bin */ = {
			isa = PBXGroup;
			children = (
			);
			path = bin;
			sourceTree = "<group>";
		};
		C0E3C0CF1EA0645E00F374D5 /* Main */ = {
			isa = PBXGroup;
			children = (
				C0E3C0D01EA0645E00F374D5 /* BPlusTest */,
				C0E3C0D31EA0645E00F374D5 /* BufferMgr */,
				C0E3C0DE1EA0645E00F374D5 /* BufferTest */,
				C0E3C0E11EA0645E00F374D5 /* Catalog */,
				C0E3C0EC1EA0645E00F374D5 /* DatabaseTable */,
				C0E3C1081EA0645E00F374D5 /* Qunit */,
				C0E3C10B1EA0645E00F374D5 /* Record */,
				C0E3C1131EA0645E00F374D5 /* RecordTest */,
				C0E3C1161EA0645E00F374D5 /* RelOps */,
				C0E3C1231EA0645E00F374D5 /* RelOpTest */,
				C0E3C1261EA0645E00F374D5 /* SortTest */,
				C0E3C1291EA0645E00F374D5 /* SQL */,
				C0E3C1351EA0645E00F374D5 /* SQLTest */,
			);
			path = Main;
			sourceTree = "<group>";
		};
		C0E3C0D01EA0645E00F374D5 /* BPlusTest */ = {
			isa = PBXGroup;
			children = (
				C0E3C0D11EA0645E00F374D5 /* source */,
			);
			path = BPlusTest;
			sourceTree = "<group>";
		};
		C0E3C0D11EA0645E00F374D5 /* source */ = {
			isa = PBXGroup;
			children = (
				C0E3C0D21EA0645E00F374D5 /* BPlusQUnit.cc */,
			);
			path = source;
			sourceTree = "<group>";
		};
		C0E3C0D31EA0645E00F374D5 /* BufferMgr */ = {
			isa = PBXGroup;
			children = (
				C0E3C0D41EA0645E00F374D5 /* headers */,
				C0E3C0DB1EA0645E00F374D5 /* source */,
			);
			path = BufferMgr;
			sourceTree = "<group>";
		};
		C0E3C0D41EA0645E00F374D5 /* headers */ = {
			isa = PBXGroup;
			children = (
				C0E3C0D51EA0645E00F374D5 /* CheckLRU.h */,
				C0E3C0D61EA0645E00F374D5 /* MyDB_BufferManager.h */,
				C0E3C0D71EA0645E00F374D5 /* MyDB_Page.h */,
				C0E3C0D81EA0645E00F374D5 /* MyDB_PageHandle.h */,
				C0E3C0D91EA0645E00F374D5 /* PageCompare.h */,
				C0E3C0DA1EA0645E00F374D5 /* TableCompare.h */,
			);
			path = headers;
			sourceTree = "<group>";
		};
		C0E3C0DB1EA0645E00F374D5 /* source */ = {
			isa = PBXGroup;
			children = (
				C0E3C0DC1EA0645E00F374D5 /* MyDB_BufferManager.cc */,
				C0E3C0DD1EA0645E00F374D5 /* MyDB_Page.cc */,
			);
			path = source;
			sourceTree = "<group>";
		};
		C0E3C0DE1EA0645E00F374D5 /* BufferTest */ = {
			isa = PBXGroup;
			children = (
				C0E3C0DF1EA0645E00F374D5 /* source */,
			);
			path = BufferTest;
			sourceTree = "<group>";
		};
		C0E3C0DF1EA0645E00F374D5 /* source */ = {
			isa = PBXGroup;
			children = (
				C0E3C0E01EA0645E00F374D5 /* BufferQUnit.cc */,
			);
			path = source;
			sourceTree = "<group>";
		};
		C0E3C0E11EA0645E00F374D5 /* Catalog */ = {
			isa = PBXGroup;
			children = (
				C0E3C0E21EA0645E00F374D5 /* headers */,
				C0E3C0E81EA0645E00F374D5 /* source */,
			);
			path = Catalog;
			sourceTree = "<group>";
		};
		C0E3C0E21EA0645E00F374D5 /* headers */ = {
			isa = PBXGroup;
			children = (
				C0E3C0E31EA0645E00F374D5 /* MyDB_AttType.h */,
				C0E3C0E41EA0645E00F374D5 /* MyDB_Catalog.h */,
				C0E3C0E51EA0645E00F374D5 /* MyDB_PageType.h */,
				C0E3C0E61EA0645E00F374D5 /* MyDB_Schema.h */,
				C0E3C0E71EA0645E00F374D5 /* MyDB_Table.h */,
			);
			path = headers;
			sourceTree = "<group>";
		};
		C0E3C0E81EA0645E00F374D5 /* source */ = {
			isa = PBXGroup;
			children = (
				C0E3C0E91EA0645E00F374D5 /* MyDB_Catalog.cc */,
				C0E3C0EA1EA0645E00F374D5 /* MyDB_Schema.cc */,
				C0E3C0EB1EA0645E00F374D5 /* MyDB_Table.cc */,
			);
			path = source;
			sourceTree = "<group>";
		};
		C0E3C0EC1EA0645E00F374D5 /* DatabaseTable */ = {
			isa = PBXGroup;
			children = (
				C0E3C0ED1EA0645E00F374D5 /* headers */,
				C0E3C0FD1EA0645E00F374D5 /* source */,
			);
			path = DatabaseTable;
			sourceTree = "<group>";
		};
		C0E3C0ED1EA0645E00F374D5 /* headers */ = {
			isa = PBXGroup;
			children = (
				C0E3C0EE1EA0645E00F374D5 /* IteratorComparator.h */,
				C0E3C0EF1EA0645E00F374D5 /* MyDB_BPlusTreeReaderWriter.h */,
				C0E3C0F01EA0645E00F374D5 /* MyDB_PageListIteratorAlt.h */,
				C0E3C0F11EA0645E00F374D5 /* MyDB_PageListIteratorSelfSortingAlt.h */,
				C0E3C0F21EA0645E00F374D5 /* MyDB_PageReaderWriter.h */,
				C0E3C0F31EA0645E00F374D5 /* MyDB_PageRecIterator.h */,
				C0E3C0F41EA0645E00F374D5 /* MyDB_PageRecIteratorAlt.h */,
				C0E3C0F51EA0645E00F374D5 /* MyDB_RecordIterator.h */,
				C0E3C0F61EA0645E00F374D5 /* MyDB_RecordIteratorAlt.h */,
				C0E3C0F71EA0645E00F374D5 /* MyDB_RunQueueIteratorAlt.h */,
				C0E3C0F81EA0645E00F374D5 /* MyDB_TableReaderWriter.h */,
				C0E3C0F91EA0645E00F374D5 /* MyDB_TableRecIterator.h */,
				C0E3C0FA1EA0645E00F374D5 /* MyDB_TableRecIteratorAlt.h */,
				C0E3C0FB1EA0645E00F374D5 /* RecordComparator.h */,
				C0E3C0FC1EA0645E00F374D5 /* Sorting.h */,
			);
			path = headers;
			sourceTree = "<group>";
		};
		C0E3C0FD1EA0645E00F374D5 /* source */ = {
			isa = PBXGroup;
			children = (
				C0E3C0FE1EA0645E00F374D5 /* MyDB_BPlusTreeReaderWriter.cc */,
				C0E3C0FF1EA0645E00F374D5 /* MyDB_PageListIteratorAlt.cc */,
				C0E3C1001EA0645E00F374D5 /* MyDB_PageReaderWriter.cc */,
				C0E3C1011EA0645E00F374D5 /* MyDB_PageRecIterator.cc */,
				C0E3C1021EA0645E00F374D5 /* MyDB_PageRecIteratorAlt.cc */,
				C0E3C1031EA0645E00F374D5 /* MyDB_RunQueueIteratorAlt.cc */,
				C0E3C1041EA0645E00F374D5 /* MyDB_TableReaderWriter.cc */,
				C0E3C1051EA0645E00F374D5 /* MyDB_TableRecIterator.cc */,
				C0E3C1061EA0645E00F374D5 /* MyDB_TableRecIteratorAlt.cc */,
				C0E3C1071EA0645E00F374D5 /* Sorting.cc */,
			);
			path = source;
			sourceTree = "<group>";
		};
		C0E3C1081EA0645E00F374D5 /* Qunit */ = {
			isa = PBXGroup;
			children = (
				C0E3C1091EA0645E00F374D5 /* headers */,
			);
			path = Qunit;
			sourceTree = "<group>";
		};
		C0E3C1091EA0645E00F374D5 /* headers */ = {
			isa = PBXGroup;
			children = (
				C0E3C10A1EA0645E00F374D5 /* QUnit.h */,
			);
			path = headers;
			sourceTree = "<group>";
		};
		C0E3C10B1EA0645E00F374D5 /* Record */ = {
			isa = PBXGroup;
			children = (
				C0E3C10C1EA0645E00F374D5 /* headers */,
				C0E3C1101EA0645E00F374D5 /* source */,
			);
			path = Record;
			sourceTree = "<group>";
		};
		C0E3C10C1EA0645E00F374D5 /* headers */ = {
			isa = PBXGroup;
			children = (
				C0E3C10D1EA0645E00F374D5 /* MyDB_AttVal.h */,
				C0E3C10E1EA0645E00F374D5 /* MyDB_INRecord.h */,
				C0E3C10F1EA0645E00F374D5 /* MyDB_Record.h */,
			);
			path = headers;
			sourceTree = "<group>";
		};
		C0E3C1101EA0645E00F374D5 /* source */ = {
			isa = PBXGroup;
			children = (
				C0E3C1111EA0645E00F374D5 /* MyDB_AttVal.cc */,
				C0E3C1121EA0645E00F374D5 /* MyDB_Record.cc */,
			);
			path = source;
			sourceTree = "<group>";
		};
		C0E3C1131EA0645E00F374D5 /* RecordTest */ = {
			isa = PBXGroup;
			children = (
				C0E3C1141EA0645E00F374D5 /* source */,
			);
			path = RecordTest;
			sourceTree = "<group>";
		};
		C0E3C1141EA0645E00F374D5 /* source */ = {
			isa = PBXGroup;
			children = (
				C0E3C1151EA0645E00F374D5 /* RecordQUnit.cc */,
			);
			path = source;
			sourceTree = "<group>";
		};
		C0E3C1161EA0645E00F374D5 /* RelOps */ = {
			isa = PBXGroup;
			children = (
				C0E3C1171EA0645E00F374D5 /* headers */,
				C0E3C11D1EA0645E00F374D5 /* source */,
			);
			path = RelOps;
			sourceTree = "<group>";
		};
		C0E3C1171EA0645E00F374D5 /* headers */ = {
			isa = PBXGroup;
			children = (
				C0E3C1181EA0645E00F374D5 /* Aggregate.h */,
				C0E3C1191EA0645E00F374D5 /* BPlusSelection.h */,
				C0E3C11A1EA0645E00F374D5 /* RegularSelection.h */,
				C0E3C11B1EA0645E00F374D5 /* ScanJoin.h */,
				C0E3C11C1EA0645E00F374D5 /* SortMergeJoin.h */,
			);
			path = headers;
			sourceTree = "<group>";
		};
		C0E3C11D1EA0645E00F374D5 /* source */ = {
			isa = PBXGroup;
			children = (
				C0E3C11E1EA0645E00F374D5 /* Aggregate.cc */,
				C0E3C11F1EA0645E00F374D5 /* BPlusSelection.cc */,
				C0E3C1201EA0645E00F374D5 /* RegularSelection.cc */,
				C0E3C1211EA0645E00F374D5 /* ScanJoin.cc */,
				C0E3C1221EA0645E00F374D5 /* SortMergeJoin.cc */,
			);
			path = source;
			sourceTree = "<group>";
		};
		C0E3C1231EA0645E00F374D5 /* RelOpTest */ = {
			isa = PBXGroup;
			children = (
				C0E3C1241EA0645E00F374D5 /* source */,
			);
			path = RelOpTest;
			sourceTree = "<group>";
		};
		C0E3C1241EA0645E00F374D5 /* source */ = {
			isa = PBXGroup;
			children = (
				C0E3C1251EA0645E00F374D5 /* RelOpQUnit.cc */,
			);
			path = source;
			sourceTree = "<group>";
		};
		C0E3C1261EA0645E00F374D5 /* SortTest */ = {
			isa = PBXGroup;
			children = (
				C0E3C1271EA0645E00F374D5 /* source */,
			);
			path = SortTest;
			sourceTree = "<group>";
		};
		C0E3C1271EA0645E00F374D5 /* source */ = {
			isa = PBXGroup;
			children = (
				C0E3C1281EA0645E00F374D5 /* SortQUnit.cc */,
			);
			path = source;
			sourceTree = "<group>";
		};
		C0E3C1291EA0645E00F374D5 /* SQL */ = {
			isa = PBXGroup;
			children = (
				C0E3C12A1EA0645E00F374D5 /* headers */,
				C0E3C1311EA0645E00F374D5 /* source */,
			);
			path = SQL;
			sourceTree = "<group>";
		};
		C0E3C12A1EA0645E00F374D5 /* headers */ = {
			isa = PBXGroup;
			children = (
				C0E3C12B1EA0645E00F374D5 /* ExprTree.h */,
				C0E3C12C1EA0645E00F374D5 /* FriendDecls.h */,
				C0E3C12D1EA0645E00F374D5 /* Lexer.h */,
				C0E3C12E1EA0645E00F374D5 /* Parser.h */,
				C0E3C12F1EA0645E00F374D5 /* ParserHelperFunctions.h */,
				C0E3C1301EA0645E00F374D5 /* ParserTypes.h */,
			);
			path = headers;
			sourceTree = "<group>";
		};
		C0E3C1311EA0645E00F374D5 /* source */ = {
			isa = PBXGroup;
			children = (
				C0E3C1321EA0645E00F374D5 /* Lexer.l */,
				C0E3C1331EA0645E00F374D5 /* Parser.y */,
				C0E3C1341EA0645E00F374D5 /* ParserHelperFunctions.cc */,
			);
			path = source;
			sourceTree = "<group>";
		};
		C0E3C1351EA0645E00F374D5 /* SQLTest */ = {
			isa = PBXGroup;
			children = (
				C0E3C1361EA0645E00F374D5 /* source */,
			);
			path = SQLTest;
			sourceTree = "<group>";
		};
		C0E3C1361EA0645E00F374D5 /* source */ = {
			isa = PBXGroup;
			children = (
				C0E3C1371EA0645E00F374D5 /* main.cc */,
			);
			path = source;
			sourceTree = "<group>";
		};
/* End PBXGroup section */

/* Begin PBXLegacyTarget section */
		C0E3C0C21EA0641F00F374D5 /* A7_1 */ = {
			isa = PBXLegacyTarget;
			buildArgumentsString = "$(ACTION)";
			buildConfigurationList = C0E3C0C51EA0641F00F374D5 /* Build configuration list for PBXLegacyTarget "A7_1" */;
			buildPhases = (
			);
			buildToolPath = /Users/kejunliu/.pyenv/versions/2.7/bin/scons;
			buildWorkingDirectory = "/Users/kejunliu/Documents/DataBase-530-2/A7/A7_1/Build";
			dependencies = (
			);
			name = A7_1;
			passBuildSettingsInEnvironment = 1;
			productName = A7_1;
		};
/* End PBXLegacyTarget section */

/* Begin PBXProject section */
		C0E3C0BE1EA0641F00F374D5 /* Project object */ = {
			isa = PBXProject;
			attributes = {
				LastUpgradeCheck = 0820;
				ORGANIZATIONNAME = KejunLiu;
				TargetAttributes = {
					C0E3C0C21EA0641F00F374D5 = {
						CreatedOnToolsVersion = 8.2.1;
						ProvisioningStyle = Automatic;
					};
				};
			};
			buildConfigurationList = C0E3C0C11EA0641F00F374D5 /* Build configuration list for PBXProject "A7_1" */;
			compatibilityVersion = "Xcode 3.2";
			developmentRegion = English;
			hasScannedForEncodings = 0;
			knownRegions = (
				en,
			);
			mainGroup = C0E3C0BD1EA0641F00F374D5;
			projectDirPath = "";
			projectRoot = "";
			targets = (
				C0E3C0C21EA0641F00F374D5 /* A7_1 */,
			);
		};
/* End PBXProject section */

/* Begin XCBuildConfiguration section */
		C0E3C0C31EA0641F00F374D5 /* Debug */ = {
			isa = XCBuildConfiguration;
			buildSettings = {
				ALWAYS_SEARCH_USER_PATHS = NO;
				CLANG_ANALYZER_NONNULL = YES;
				CLANG_CXX_LANGUAGE_STANDARD = "gnu++0x";
				CLANG_CXX_LIBRARY = "libc++";
				CLANG_ENABLE_MODULES = YES;
				CLANG_ENABLE_OBJC_ARC = YES;
				CLANG_WARN_BOOL_CONVERSION = YES;
				CLANG_WARN_CONSTANT_CONVERSION = YES;
				CLANG_WARN_DIRECT_OBJC_ISA_USAGE = YES_ERROR;
				CLANG_WARN_DOCUMENTATION_COMMENTS = YES;
				CLANG_WARN_EMPTY_BODY = YES;
				CLANG_WARN_ENUM_CONVERSION = YES;
				CLANG_WARN_INFINITE_RECURSION = YES;
				CLANG_WARN_INT_CONVERSION = YES;
				CLANG_WARN_OBJC_ROOT_CLASS = YES_ERROR;
				CLANG_WARN_SUSPICIOUS_MOVE = YES;
				CLANG_WARN_UNREACHABLE_CODE = YES;
				CLANG_WARN__DUPLICATE_METHOD_MATCH = YES;
				COPY_PHASE_STRIP = NO;
				DEBUG_INFORMATION_FORMAT = dwarf;
				ENABLE_STRICT_OBJC_MSGSEND = YES;
				ENABLE_TESTABILITY = YES;
				GCC_C_LANGUAGE_STANDARD = gnu99;
				GCC_DYNAMIC_NO_PIC = NO;
				GCC_NO_COMMON_BLOCKS = YES;
				GCC_OPTIMIZATION_LEVEL = 0;
				GCC_PREPROCESSOR_DEFINITIONS = (
					"DEBUG=1",
					"$(inherited)",
				);
				GCC_WARN_64_TO_32_BIT_CONVERSION = YES;
				GCC_WARN_ABOUT_RETURN_TYPE = YES_ERROR;
				GCC_WARN_UNDECLARED_SELECTOR = YES;
				GCC_WARN_UNINITIALIZED_AUTOS = YES_AGGRESSIVE;
				GCC_WARN_UNUSED_FUNCTION = YES;
				GCC_WARN_UNUSED_VARIABLE = YES;
				MTL_ENABLE_DEBUG_INFO = YES;
				ONLY_ACTIVE_ARCH = YES;
			};
			name = Debug;
		};
		C0E3C0C41EA0641F00F374D5 /* Release */ = {
			isa = XCBuildConfiguration;
			buildSettings = {
				ALWAYS_SEARCH_USER_PATHS = NO;
				CLANG_ANALYZER_NONNULL = YES;
				CLANG_CXX_LANGUAGE_STANDARD = "gnu++0x";
				CLANG_CXX_LIBRARY = "libc++";
				CLANG_ENABLE_MODULES = YES;
				CLANG_ENABLE_OBJC_ARC = YES;
				CLANG_WARN_BOOL_CONVERSION = YES;
				CLANG_WARN_CONSTANT_CONVERSION = YES;
				CLANG_WARN_DIRECT_OBJC_ISA_USAGE = YES_ERROR;
				CLANG_WARN_DOCUMENTATION_COMMENTS = YES;
				CLANG_WARN_EMPTY_BODY = YES;
				CLANG_WARN_ENUM_CONVERSION = YES;
				CLANG_WARN_INFINITE_RECURSION = YES;
				CLANG_WARN_INT_CONVERSION = YES;
				CLANG_WARN_OBJC_ROOT_CLASS = YES_ERROR;
				CLANG_WARN_SUSPICIOUS_MOVE = YES;
				CLANG_WARN_UNREACHABLE_CODE = YES;
				CLANG_WARN__DUPLICATE_METHOD_MATCH = YES;
				COPY_PHASE_STRIP = NO;
				DEBUG_INFORMATION_FORMAT = "dwarf-with-dsym";
				ENABLE_NS_ASSERTIONS = NO;
				ENABLE_STRICT_OBJC_MSGSEND = YES;
				GCC_C_LANGUAGE_STANDARD = gnu99;
				GCC_NO_COMMON_BLOCKS = YES;
				GCC_WARN_64_TO_32_BIT_CONVERSION = YES;
				GCC_WARN_ABOUT_RETURN_TYPE = YES_ERROR;
				GCC_WARN_UNDECLARED_SELECTOR = YES;
				GCC_WARN_UNINITIALIZED_AUTOS = YES_AGGRESSIVE;
				GCC_WARN_UNUSED_FUNCTION = YES;
				GCC_WARN_UNUSED_VARIABLE = YES;
				MTL_ENABLE_DEBUG_INFO = NO;
			};
			name = Release;
		};
		C0E3C0C61EA0641F00F374D5 /* Debug */ = {
			isa = XCBuildConfiguration;
			buildSettings = {
				DEBUGGING_SYMBOLS = YES;
				DEBUG_INFORMATION_FORMAT = dwarf;
				GCC_GENERATE_DEBUGGING_SYMBOLS = YES;
				GCC_OPTIMIZATION_LEVEL = 0;
				OTHER_CFLAGS = "";
				OTHER_LDFLAGS = "";
				PRODUCT_NAME = "$(TARGET_NAME)";
			};
			name = Debug;
		};
		C0E3C0C71EA0641F00F374D5 /* Release */ = {
			isa = XCBuildConfiguration;
			buildSettings = {
				DEBUG_INFORMATION_FORMAT = "dwarf-with-dsym";
				OTHER_CFLAGS = "";
				OTHER_LDFLAGS = "";
				PRODUCT_NAME = "$(TARGET_NAME)";
			};
			name = Release;
		};
/* End XCBuildConfiguration section */

/* Begin XCConfigurationList section */
		C0E3C0C11EA0641F00F374D5 /* Build configuration list for PBXProject "A7_1" */ = {
			isa = XCConfigurationList;
			buildConfigurations = (
				C0E3C0C31EA0641F00F374D5 /* Debug */,
				C0E3C0C41EA0641F00F374D5 /* Release */,
			);
			defaultConfigurationIsVisible = 0;
			defaultConfigurationName = Release;
		};
		C0E3C0C51EA0641F00F374D5 /* Build configuration list for PBXLegacyTarget "A7_1" */ = {
			isa = XCConfigurationList;
			buildConfigurations = (
				C0E3C0C61EA0641F00F374D5 /* Debug */,
				C0E3C0C71EA0641F00F374D5 /* Release */,
			);
			defaultConfigurationIsVisible = 0;
		};
/* End XCConfigurationList section */
	};
	rootObject = C0E3C0BE1EA0641F00F374D5 /* Project object */;
}
